// !$*UTF8*$!
{
	archiveVersion = 1;
	classes = {
	};
	objectVersion = 46;
	objects = {

/* Begin PBXBuildFile section */
		0010B2FC1E60A32C00F434BA /* RoundedView.swift in Sources */ = {isa = PBXBuildFile; fileRef = 0010B2FB1E60A32C00F434BA /* RoundedView.swift */; };
		0010B2FF1E60AF7D00F434BA /* UIColor+FlatColors.swift in Sources */ = {isa = PBXBuildFile; fileRef = 0010B2FE1E60AF7D00F434BA /* UIColor+FlatColors.swift */; };
		0010B3021E60EC6300F434BA /* SeparatorView.swift in Sources */ = {isa = PBXBuildFile; fileRef = 0010B3011E60EC6300F434BA /* SeparatorView.swift */; };
		0010B3051E60EDEE00F434BA /* CalendarLayout.swift in Sources */ = {isa = PBXBuildFile; fileRef = 0010B3041E60EDEE00F434BA /* CalendarLayout.swift */; };
		0011F07B1E6220680053921C /* Calendar+Constants.swift in Sources */ = {isa = PBXBuildFile; fileRef = 0011F07A1E6220680053921C /* Calendar+Constants.swift */; };
		001290951E2BA72800FB296F /* MainViewController.swift in Sources */ = {isa = PBXBuildFile; fileRef = 001290941E2BA72800FB296F /* MainViewController.swift */; };
		0012909B1E2BA7C000FB296F /* AgendaViewController.swift in Sources */ = {isa = PBXBuildFile; fileRef = 0012909A1E2BA7C000FB296F /* AgendaViewController.swift */; };
		0012909D1E2BA7E500FB296F /* CalendarViewController.swift in Sources */ = {isa = PBXBuildFile; fileRef = 0012909C1E2BA7E500FB296F /* CalendarViewController.swift */; };
		001290A01E2BACC300FB296F /* DayCollectionCell.swift in Sources */ = {isa = PBXBuildFile; fileRef = 0012909F1E2BACC300FB296F /* DayCollectionCell.swift */; };
		0042BE561E7DC5A500B6455A /* UIViewController+ChildViewController.swift in Sources */ = {isa = PBXBuildFile; fileRef = 0042BE551E7DC5A500B6455A /* UIViewController+ChildViewController.swift */; };
		0042BE5D1E7EEB4C00B6455A /* Array+Elements.swift in Sources */ = {isa = PBXBuildFile; fileRef = 0042BE5C1E7EEB4C00B6455A /* Array+Elements.swift */; };
		0042BE601E7EED9D00B6455A /* TimeInterval+Constants.swift in Sources */ = {isa = PBXBuildFile; fileRef = 0042BE5F1E7EED9D00B6455A /* TimeInterval+Constants.swift */; };
		00CBC2441E8825F500E06739 /* CalendarCellConfigurator.swift in Sources */ = {isa = PBXBuildFile; fileRef = 00CBC2431E8825F500E06739 /* CalendarCellConfigurator.swift */; };
		00CBC2461E88261700E06739 /* CalendarSynchronizer.swift in Sources */ = {isa = PBXBuildFile; fileRef = 00CBC2451E88261700E06739 /* CalendarSynchronizer.swift */; };
		00CBC24D1E88266600E06739 /* AgendaCellConfigurator.swift in Sources */ = {isa = PBXBuildFile; fileRef = 00CBC24B1E88266600E06739 /* AgendaCellConfigurator.swift */; };
		00E654E91E2ABA160085D73E /* Date+Calculation.swift in Sources */ = {isa = PBXBuildFile; fileRef = 00E654E81E2ABA160085D73E /* Date+Calculation.swift */; };
		00E654EB1E2ABA330085D73E /* NSObject+ClassName.swift in Sources */ = {isa = PBXBuildFile; fileRef = 00E654EA1E2ABA330085D73E /* NSObject+ClassName.swift */; };
		00E710261E880B6A00552CE6 /* DataModel.xcdatamodeld in Sources */ = {isa = PBXBuildFile; fileRef = 00E7100E1E880B6A00552CE6 /* DataModel.xcdatamodeld */; };
		00E710281E880B6A00552CE6 /* Storage.swift in Sources */ = {isa = PBXBuildFile; fileRef = 00E710111E880B6A00552CE6 /* Storage.swift */; };
		00E710291E880B6A00552CE6 /* Locator.swift in Sources */ = {isa = PBXBuildFile; fileRef = 00E710131E880B6A00552CE6 /* Locator.swift */; };
		00E7102A1E880B6A00552CE6 /* CalendarService.swift in Sources */ = {isa = PBXBuildFile; fileRef = 00E710161E880B6A00552CE6 /* CalendarService.swift */; };
		00E7102C1E880B6A00552CE6 /* DBDay.swift in Sources */ = {isa = PBXBuildFile; fileRef = 00E710191E880B6A00552CE6 /* DBDay.swift */; };
		00E7102D1E880B6A00552CE6 /* DBEvent.swift in Sources */ = {isa = PBXBuildFile; fileRef = 00E7101A1E880B6A00552CE6 /* DBEvent.swift */; };
		00E7102E1E880B6A00552CE6 /* EventsCreator.swift in Sources */ = {isa = PBXBuildFile; fileRef = 00E7101C1E880B6A00552CE6 /* EventsCreator.swift */; };
		00E710301E880B6A00552CE6 /* StaticData.swift in Sources */ = {isa = PBXBuildFile; fileRef = 00E710201E880B6A00552CE6 /* StaticData.swift */; };
		00E710311E880B6A00552CE6 /* EventInfo.swift in Sources */ = {isa = PBXBuildFile; fileRef = 00E710221E880B6A00552CE6 /* EventInfo.swift */; };
		00E710321E880B6A00552CE6 /* StaticDataGenerator.swift in Sources */ = {isa = PBXBuildFile; fileRef = 00E710231E880B6A00552CE6 /* StaticDataGenerator.swift */; };
		00E710331E880B6A00552CE6 /* CalendarInitializator.swift in Sources */ = {isa = PBXBuildFile; fileRef = 00E710251E880B6A00552CE6 /* CalendarInitializator.swift */; };
		00E9FEA41E84771E004CD58F /* SizeManager.swift in Sources */ = {isa = PBXBuildFile; fileRef = 00E9FEA31E84771E004CD58F /* SizeManager.swift */; };
		00F416741E3511D300C4F88E /* EventCell.swift in Sources */ = {isa = PBXBuildFile; fileRef = 00F416731E3511D300C4F88E /* EventCell.swift */; };
		312B22741DF2EB270071E867 /* AppDelegate.swift in Sources */ = {isa = PBXBuildFile; fileRef = 312B22731DF2EB270071E867 /* AppDelegate.swift */; };
		312B22791DF2EB270071E867 /* Main.storyboard in Resources */ = {isa = PBXBuildFile; fileRef = 312B22771DF2EB270071E867 /* Main.storyboard */; };
		312B227E1DF2EB270071E867 /* Assets.xcassets in Resources */ = {isa = PBXBuildFile; fileRef = 312B227D1DF2EB270071E867 /* Assets.xcassets */; };
		312B22811DF2EB270071E867 /* LaunchScreen.storyboard in Resources */ = {isa = PBXBuildFile; fileRef = 312B227F1DF2EB270071E867 /* LaunchScreen.storyboard */; };
		312B228C1DF2EB270071E867 /* CalendarTests.swift in Sources */ = {isa = PBXBuildFile; fileRef = 312B228B1DF2EB270071E867 /* CalendarTests.swift */; };
		312B22971DF2EB270071E867 /* CalendarUITests.swift in Sources */ = {isa = PBXBuildFile; fileRef = 312B22961DF2EB270071E867 /* CalendarUITests.swift */; };
		31F94AFD1E1024BF00ED804A /* .swiftlint.yml in Resources */ = {isa = PBXBuildFile; fileRef = 31F94AFC1E1024BF00ED804A /* .swiftlint.yml */; };
/* End PBXBuildFile section */

/* Begin PBXContainerItemProxy section */
		312B22881DF2EB270071E867 /* PBXContainerItemProxy */ = {
			isa = PBXContainerItemProxy;
			containerPortal = 312B22681DF2EB260071E867 /* Project object */;
			proxyType = 1;
			remoteGlobalIDString = 312B226F1DF2EB270071E867;
			remoteInfo = Calendar;
		};
		312B22931DF2EB270071E867 /* PBXContainerItemProxy */ = {
			isa = PBXContainerItemProxy;
			containerPortal = 312B22681DF2EB260071E867 /* Project object */;
			proxyType = 1;
			remoteGlobalIDString = 312B226F1DF2EB270071E867;
			remoteInfo = Calendar;
		};
/* End PBXContainerItemProxy section */

/* Begin PBXFileReference section */
		0010B2FB1E60A32C00F434BA /* RoundedView.swift */ = {isa = PBXFileReference; fileEncoding = 4; lastKnownFileType = sourcecode.swift; name = RoundedView.swift; path = Core/Components/Views/RoundedView.swift; sourceTree = "<group>"; };
		0010B2FE1E60AF7D00F434BA /* UIColor+FlatColors.swift */ = {isa = PBXFileReference; fileEncoding = 4; lastKnownFileType = sourcecode.swift; name = "UIColor+FlatColors.swift"; path = "Core/Extantions/UIColor/UIColor+FlatColors.swift"; sourceTree = "<group>"; };
		0010B3011E60EC6300F434BA /* SeparatorView.swift */ = {isa = PBXFileReference; fileEncoding = 4; lastKnownFileType = sourcecode.swift; name = SeparatorView.swift; path = UserInterface/Main/Calendar/Views/SeparatorView.swift; sourceTree = "<group>"; };
		0010B3041E60EDEE00F434BA /* CalendarLayout.swift */ = {isa = PBXFileReference; fileEncoding = 4; lastKnownFileType = sourcecode.swift; name = CalendarLayout.swift; path = UserInterface/Main/Calendar/Layout/CalendarLayout.swift; sourceTree = "<group>"; };
		0011F07A1E6220680053921C /* Calendar+Constants.swift */ = {isa = PBXFileReference; fileEncoding = 4; lastKnownFileType = sourcecode.swift; name = "Calendar+Constants.swift"; path = "Core/Extantions/Calendar/Calendar+Constants.swift"; sourceTree = "<group>"; };
		001290941E2BA72800FB296F /* MainViewController.swift */ = {isa = PBXFileReference; fileEncoding = 4; lastKnownFileType = sourcecode.swift; name = MainViewController.swift; path = UserInterface/Main/MainViewController.swift; sourceTree = "<group>"; };
		0012909A1E2BA7C000FB296F /* AgendaViewController.swift */ = {isa = PBXFileReference; fileEncoding = 4; lastKnownFileType = sourcecode.swift; name = AgendaViewController.swift; path = UserInterface/Main/Agenda/AgendaViewController.swift; sourceTree = "<group>"; };
		0012909C1E2BA7E500FB296F /* CalendarViewController.swift */ = {isa = PBXFileReference; fileEncoding = 4; lastKnownFileType = sourcecode.swift; name = CalendarViewController.swift; path = UserInterface/Main/Calendar/CalendarViewController.swift; sourceTree = "<group>"; };
		0012909F1E2BACC300FB296F /* DayCollectionCell.swift */ = {isa = PBXFileReference; fileEncoding = 4; lastKnownFileType = sourcecode.swift; name = DayCollectionCell.swift; path = UserInterface/Main/Calendar/Cells/DayCollectionCell.swift; sourceTree = "<group>"; };
		0042BE551E7DC5A500B6455A /* UIViewController+ChildViewController.swift */ = {isa = PBXFileReference; fileEncoding = 4; lastKnownFileType = sourcecode.swift; path = "UIViewController+ChildViewController.swift"; sourceTree = "<group>"; };
		0042BE5C1E7EEB4C00B6455A /* Array+Elements.swift */ = {isa = PBXFileReference; fileEncoding = 4; lastKnownFileType = sourcecode.swift; name = "Array+Elements.swift"; path = "Core/Extantions/Array/Array+Elements.swift"; sourceTree = "<group>"; };
		0042BE5F1E7EED9D00B6455A /* TimeInterval+Constants.swift */ = {isa = PBXFileReference; fileEncoding = 4; lastKnownFileType = sourcecode.swift; name = "TimeInterval+Constants.swift"; path = "Core/Extantions/TimeInterval/TimeInterval+Constants.swift"; sourceTree = "<group>"; };
		00CBC2431E8825F500E06739 /* CalendarCellConfigurator.swift */ = {isa = PBXFileReference; fileEncoding = 4; lastKnownFileType = sourcecode.swift; name = CalendarCellConfigurator.swift; path = UserInterface/Main/Calendar/CalendarCellConfigurator.swift; sourceTree = "<group>"; };
		00CBC2451E88261700E06739 /* CalendarSynchronizer.swift */ = {isa = PBXFileReference; fileEncoding = 4; lastKnownFileType = sourcecode.swift; name = CalendarSynchronizer.swift; path = UserInterface/Main/CalendarSynchronizer.swift; sourceTree = "<group>"; };
		00CBC24B1E88266600E06739 /* AgendaCellConfigurator.swift */ = {isa = PBXFileReference; fileEncoding = 4; lastKnownFileType = sourcecode.swift; name = AgendaCellConfigurator.swift; path = UserInterface/Main/Agenda/AgendaCellConfigurator.swift; sourceTree = "<group>"; };
		00E654E81E2ABA160085D73E /* Date+Calculation.swift */ = {isa = PBXFileReference; fileEncoding = 4; lastKnownFileType = sourcecode.swift; name = "Date+Calculation.swift"; path = "Core/Extantions/Date/Date+Calculation.swift"; sourceTree = "<group>"; };
		00E654EA1E2ABA330085D73E /* NSObject+ClassName.swift */ = {isa = PBXFileReference; fileEncoding = 4; lastKnownFileType = sourcecode.swift; name = "NSObject+ClassName.swift"; path = "Core/Extantions/NSObject/NSObject+ClassName.swift"; sourceTree = "<group>"; };
		00E7100F1E880B6A00552CE6 /* DataModel.xcdatamodel */ = {isa = PBXFileReference; lastKnownFileType = wrapper.xcdatamodel; path = DataModel.xcdatamodel; sourceTree = "<group>"; };
		00E710111E880B6A00552CE6 /* Storage.swift */ = {isa = PBXFileReference; fileEncoding = 4; lastKnownFileType = sourcecode.swift; path = Storage.swift; sourceTree = "<group>"; };
		00E710131E880B6A00552CE6 /* Locator.swift */ = {isa = PBXFileReference; fileEncoding = 4; lastKnownFileType = sourcecode.swift; path = Locator.swift; sourceTree = "<group>"; };
		00E710161E880B6A00552CE6 /* CalendarService.swift */ = {isa = PBXFileReference; fileEncoding = 4; lastKnownFileType = sourcecode.swift; path = CalendarService.swift; sourceTree = "<group>"; };
		00E710191E880B6A00552CE6 /* DBDay.swift */ = {isa = PBXFileReference; fileEncoding = 4; lastKnownFileType = sourcecode.swift; path = DBDay.swift; sourceTree = "<group>"; };
		00E7101A1E880B6A00552CE6 /* DBEvent.swift */ = {isa = PBXFileReference; fileEncoding = 4; lastKnownFileType = sourcecode.swift; path = DBEvent.swift; sourceTree = "<group>"; };
		00E7101C1E880B6A00552CE6 /* EventsCreator.swift */ = {isa = PBXFileReference; fileEncoding = 4; lastKnownFileType = sourcecode.swift; path = EventsCreator.swift; sourceTree = "<group>"; };
		00E710201E880B6A00552CE6 /* StaticData.swift */ = {isa = PBXFileReference; fileEncoding = 4; lastKnownFileType = sourcecode.swift; path = StaticData.swift; sourceTree = "<group>"; };
		00E710221E880B6A00552CE6 /* EventInfo.swift */ = {isa = PBXFileReference; fileEncoding = 4; lastKnownFileType = sourcecode.swift; path = EventInfo.swift; sourceTree = "<group>"; };
		00E710231E880B6A00552CE6 /* StaticDataGenerator.swift */ = {isa = PBXFileReference; fileEncoding = 4; lastKnownFileType = sourcecode.swift; path = StaticDataGenerator.swift; sourceTree = "<group>"; };
		00E710251E880B6A00552CE6 /* CalendarInitializator.swift */ = {isa = PBXFileReference; fileEncoding = 4; lastKnownFileType = sourcecode.swift; path = CalendarInitializator.swift; sourceTree = "<group>"; };
		00E9FEA31E84771E004CD58F /* SizeManager.swift */ = {isa = PBXFileReference; fileEncoding = 4; lastKnownFileType = sourcecode.swift; path = SizeManager.swift; sourceTree = "<group>"; };
		00F416731E3511D300C4F88E /* EventCell.swift */ = {isa = PBXFileReference; fileEncoding = 4; lastKnownFileType = sourcecode.swift; name = EventCell.swift; path = UserInterface/Main/Agenda/Cells/EventCell.swift; sourceTree = "<group>"; };
		312B22701DF2EB270071E867 /* Calendar.app */ = {isa = PBXFileReference; explicitFileType = wrapper.application; includeInIndex = 0; path = Calendar.app; sourceTree = BUILT_PRODUCTS_DIR; };
		312B22731DF2EB270071E867 /* AppDelegate.swift */ = {isa = PBXFileReference; lastKnownFileType = sourcecode.swift; path = AppDelegate.swift; sourceTree = "<group>"; };
		312B22781DF2EB270071E867 /* Base */ = {isa = PBXFileReference; lastKnownFileType = file.storyboard; name = Base; path = Base.lproj/Main.storyboard; sourceTree = "<group>"; };
		312B227D1DF2EB270071E867 /* Assets.xcassets */ = {isa = PBXFileReference; lastKnownFileType = folder.assetcatalog; path = Assets.xcassets; sourceTree = "<group>"; };
		312B22801DF2EB270071E867 /* Base */ = {isa = PBXFileReference; lastKnownFileType = file.storyboard; name = Base; path = Base.lproj/LaunchScreen.storyboard; sourceTree = "<group>"; };
		312B22821DF2EB270071E867 /* Info.plist */ = {isa = PBXFileReference; lastKnownFileType = text.plist.xml; path = Info.plist; sourceTree = "<group>"; };
		312B22871DF2EB270071E867 /* CalendarTests.xctest */ = {isa = PBXFileReference; explicitFileType = wrapper.cfbundle; includeInIndex = 0; path = CalendarTests.xctest; sourceTree = BUILT_PRODUCTS_DIR; };
		312B228B1DF2EB270071E867 /* CalendarTests.swift */ = {isa = PBXFileReference; lastKnownFileType = sourcecode.swift; path = CalendarTests.swift; sourceTree = "<group>"; };
		312B228D1DF2EB270071E867 /* Info.plist */ = {isa = PBXFileReference; lastKnownFileType = text.plist.xml; path = Info.plist; sourceTree = "<group>"; };
		312B22921DF2EB270071E867 /* CalendarUITests.xctest */ = {isa = PBXFileReference; explicitFileType = wrapper.cfbundle; includeInIndex = 0; path = CalendarUITests.xctest; sourceTree = BUILT_PRODUCTS_DIR; };
		312B22961DF2EB270071E867 /* CalendarUITests.swift */ = {isa = PBXFileReference; lastKnownFileType = sourcecode.swift; path = CalendarUITests.swift; sourceTree = "<group>"; };
		312B22981DF2EB270071E867 /* Info.plist */ = {isa = PBXFileReference; lastKnownFileType = text.plist.xml; path = Info.plist; sourceTree = "<group>"; };
		31F94AFC1E1024BF00ED804A /* .swiftlint.yml */ = {isa = PBXFileReference; fileEncoding = 4; lastKnownFileType = text; path = .swiftlint.yml; sourceTree = "<group>"; };
/* End PBXFileReference section */

/* Begin PBXFrameworksBuildPhase section */
		312B226D1DF2EB270071E867 /* Frameworks */ = {
			isa = PBXFrameworksBuildPhase;
			buildActionMask = 2147483647;
			files = (
			);
			runOnlyForDeploymentPostprocessing = 0;
		};
		312B22841DF2EB270071E867 /* Frameworks */ = {
			isa = PBXFrameworksBuildPhase;
			buildActionMask = 2147483647;
			files = (
			);
			runOnlyForDeploymentPostprocessing = 0;
		};
		312B228F1DF2EB270071E867 /* Frameworks */ = {
			isa = PBXFrameworksBuildPhase;
			buildActionMask = 2147483647;
			files = (
			);
			runOnlyForDeploymentPostprocessing = 0;
		};
/* End PBXFrameworksBuildPhase section */

/* Begin PBXGroup section */
		0010B2F91E60A26700F434BA /* Components */ = {
			isa = PBXGroup;
			children = (
				0010B2FA1E60A2D800F434BA /* Views */,
			);
			name = Components;
			sourceTree = "<group>";
		};
		0010B2FA1E60A2D800F434BA /* Views */ = {
			isa = PBXGroup;
			children = (
				0010B2FB1E60A32C00F434BA /* RoundedView.swift */,
			);
			name = Views;
			sourceTree = "<group>";
		};
		0010B2FD1E60AF4A00F434BA /* UIColor */ = {
			isa = PBXGroup;
			children = (
				0010B2FE1E60AF7D00F434BA /* UIColor+FlatColors.swift */,
			);
			name = UIColor;
			sourceTree = "<group>";
		};
		0010B3001E60EC2900F434BA /* Views */ = {
			isa = PBXGroup;
			children = (
				0010B3011E60EC6300F434BA /* SeparatorView.swift */,
			);
			name = Views;
			sourceTree = "<group>";
		};
		0010B3031E60EDC200F434BA /* Layout */ = {
			isa = PBXGroup;
			children = (
				0010B3041E60EDEE00F434BA /* CalendarLayout.swift */,
			);
			name = Layout;
			sourceTree = "<group>";
		};
		001290931E2BA6DD00FB296F /* Main */ = {
			isa = PBXGroup;
			children = (
				001290961E2BA73E00FB296F /* Calendar */,
				001290971E2BA74F00FB296F /* Agenda */,
				001290941E2BA72800FB296F /* MainViewController.swift */,
				00CBC2451E88261700E06739 /* CalendarSynchronizer.swift */,
			);
			name = Main;
			sourceTree = "<group>";
		};
		001290961E2BA73E00FB296F /* Calendar */ = {
			isa = PBXGroup;
			children = (
				0010B3031E60EDC200F434BA /* Layout */,
				0010B3001E60EC2900F434BA /* Views */,
				0012909E1E2BAC8800FB296F /* Cells */,
				0012909C1E2BA7E500FB296F /* CalendarViewController.swift */,
				00CBC2431E8825F500E06739 /* CalendarCellConfigurator.swift */,
			);
			name = Calendar;
			sourceTree = "<group>";
		};
		001290971E2BA74F00FB296F /* Agenda */ = {
			isa = PBXGroup;
			children = (
				00E710361E88138C00552CE6 /* ViewModels */,
				00F416721E35119000C4F88E /* Cells */,
				0012909A1E2BA7C000FB296F /* AgendaViewController.swift */,
				00CBC24B1E88266600E06739 /* AgendaCellConfigurator.swift */,
			);
			name = Agenda;
			sourceTree = "<group>";
		};
		0012909E1E2BAC8800FB296F /* Cells */ = {
			isa = PBXGroup;
			children = (
				0012909F1E2BACC300FB296F /* DayCollectionCell.swift */,
			);
			name = Cells;
			sourceTree = "<group>";
		};
		0042BE541E7DC55C00B6455A /* UIViewController */ = {
			isa = PBXGroup;
			children = (
				0042BE551E7DC5A500B6455A /* UIViewController+ChildViewController.swift */,
			);
			name = UIViewController;
			path = Core/Extantions/UIViewController;
			sourceTree = "<group>";
		};
		0042BE5B1E7EEAF400B6455A /* Array */ = {
			isa = PBXGroup;
			children = (
				0042BE5C1E7EEB4C00B6455A /* Array+Elements.swift */,
			);
			name = Array;
			sourceTree = "<group>";
		};
		0042BE5E1E7EED6000B6455A /* TimeInterval */ = {
			isa = PBXGroup;
			children = (
				0042BE5F1E7EED9D00B6455A /* TimeInterval+Constants.swift */,
			);
			name = TimeInterval;
			sourceTree = "<group>";
		};
		00E7100B1E880B6A00552CE6 /* ServiceLayer */ = {
			isa = PBXGroup;
			children = (
				00E7100C1E880B6A00552CE6 /* CoreServices */,
				00E710121E880B6A00552CE6 /* ServiceLocator */,
				00E710141E880B6A00552CE6 /* Services */,
			);
			name = ServiceLayer;
			path = Core/ServiceLayer;
			sourceTree = "<group>";
		};
		00E7100C1E880B6A00552CE6 /* CoreServices */ = {
			isa = PBXGroup;
			children = (
				00E7100D1E880B6A00552CE6 /* Storage */,
			);
			path = CoreServices;
			sourceTree = "<group>";
		};
		00E7100D1E880B6A00552CE6 /* Storage */ = {
			isa = PBXGroup;
			children = (
				00E7100E1E880B6A00552CE6 /* DataModel.xcdatamodeld */,
				00E710111E880B6A00552CE6 /* Storage.swift */,
			);
			path = Storage;
			sourceTree = "<group>";
		};
		00E710121E880B6A00552CE6 /* ServiceLocator */ = {
			isa = PBXGroup;
			children = (
				00E710131E880B6A00552CE6 /* Locator.swift */,
			);
			path = ServiceLocator;
			sourceTree = "<group>";
		};
		00E710141E880B6A00552CE6 /* Services */ = {
			isa = PBXGroup;
			children = (
				00E710151E880B6A00552CE6 /* CalendarService */,
				00E7101B1E880B6A00552CE6 /* EventsCreator */,
				00E710241E880B6A00552CE6 /* CalendarInitializator */,
			);
			path = Services;
			sourceTree = "<group>";
		};
		00E710151E880B6A00552CE6 /* CalendarService */ = {
			isa = PBXGroup;
			children = (
				00E710161E880B6A00552CE6 /* CalendarService.swift */,
				00E710181E880B6A00552CE6 /* Models */,
			);
			path = CalendarService;
			sourceTree = "<group>";
		};
		00E710181E880B6A00552CE6 /* Models */ = {
			isa = PBXGroup;
			children = (
				00E710191E880B6A00552CE6 /* DBDay.swift */,
				00E7101A1E880B6A00552CE6 /* DBEvent.swift */,
			);
			path = Models;
			sourceTree = "<group>";
		};
		00E7101B1E880B6A00552CE6 /* EventsCreator */ = {
			isa = PBXGroup;
			children = (
				00E7101C1E880B6A00552CE6 /* EventsCreator.swift */,
				00E7101E1E880B6A00552CE6 /* StaticDataGenerator */,
			);
			path = EventsCreator;
			sourceTree = "<group>";
		};
		00E7101E1E880B6A00552CE6 /* StaticDataGenerator */ = {
			isa = PBXGroup;
			children = (
				00E7101F1E880B6A00552CE6 /* Data */,
				00E710211E880B6A00552CE6 /* Models */,
				00E710231E880B6A00552CE6 /* StaticDataGenerator.swift */,
			);
			path = StaticDataGenerator;
			sourceTree = "<group>";
		};
		00E7101F1E880B6A00552CE6 /* Data */ = {
			isa = PBXGroup;
			children = (
				00E710201E880B6A00552CE6 /* StaticData.swift */,
			);
			path = Data;
			sourceTree = "<group>";
		};
		00E710211E880B6A00552CE6 /* Models */ = {
			isa = PBXGroup;
			children = (
				00E710221E880B6A00552CE6 /* EventInfo.swift */,
			);
			path = Models;
			sourceTree = "<group>";
		};
		00E710241E880B6A00552CE6 /* CalendarInitializator */ = {
			isa = PBXGroup;
			children = (
				00E710251E880B6A00552CE6 /* CalendarInitializator.swift */,
			);
			path = CalendarInitializator;
			sourceTree = "<group>";
		};
		00E710361E88138C00552CE6 /* ViewModels */ = {
			isa = PBXGroup;
			children = (
			);
			name = ViewModels;
			sourceTree = "<group>";
		};
		00F4166F1E35085300C4F88E /* Calendar */ = {
			isa = PBXGroup;
			children = (
				0011F07A1E6220680053921C /* Calendar+Constants.swift */,
			);
			name = Calendar;
			sourceTree = "<group>";
		};
		00F416721E35119000C4F88E /* Cells */ = {
			isa = PBXGroup;
			children = (
				00F416731E3511D300C4F88E /* EventCell.swift */,
			);
			name = Cells;
			sourceTree = "<group>";
		};
		312B22671DF2EB260071E867 = {
			isa = PBXGroup;
			children = (
				31F94AFC1E1024BF00ED804A /* .swiftlint.yml */,
				312B22721DF2EB270071E867 /* Calendar */,
				312B228A1DF2EB270071E867 /* CalendarTests */,
				312B22951DF2EB270071E867 /* CalendarUITests */,
				312B22711DF2EB270071E867 /* Products */,
			);
			sourceTree = "<group>";
		};
		312B22711DF2EB270071E867 /* Products */ = {
			isa = PBXGroup;
			children = (
				312B22701DF2EB270071E867 /* Calendar.app */,
				312B22871DF2EB270071E867 /* CalendarTests.xctest */,
				312B22921DF2EB270071E867 /* CalendarUITests.xctest */,
			);
			name = Products;
			sourceTree = "<group>";
		};
		312B22721DF2EB270071E867 /* Calendar */ = {
			isa = PBXGroup;
			children = (
				312B22731DF2EB270071E867 /* AppDelegate.swift */,
				312B22A91DF2ECD20071E867 /* UserInterface */,
				312B22A81DF2ECC50071E867 /* Core */,
				312B22AA1DF2ECF60071E867 /* Resources */,
			);
			path = Calendar;
			sourceTree = "<group>";
		};
		312B228A1DF2EB270071E867 /* CalendarTests */ = {
			isa = PBXGroup;
			children = (
				312B228B1DF2EB270071E867 /* CalendarTests.swift */,
				312B228D1DF2EB270071E867 /* Info.plist */,
			);
			path = CalendarTests;
			sourceTree = "<group>";
		};
		312B22951DF2EB270071E867 /* CalendarUITests */ = {
			isa = PBXGroup;
			children = (
				312B22961DF2EB270071E867 /* CalendarUITests.swift */,
				312B22981DF2EB270071E867 /* Info.plist */,
			);
			path = CalendarUITests;
			sourceTree = "<group>";
		};
		312B22A81DF2ECC50071E867 /* Core */ = {
			isa = PBXGroup;
			children = (
				00E7100B1E880B6A00552CE6 /* ServiceLayer */,
				0010B2F91E60A26700F434BA /* Components */,
				312B22F01DF480CC0071E867 /* Extantions */,
			);
			name = Core;
			sourceTree = "<group>";
		};
		312B22A91DF2ECD20071E867 /* UserInterface */ = {
			isa = PBXGroup;
			children = (
				001290931E2BA6DD00FB296F /* Main */,
				312B22771DF2EB270071E867 /* Main.storyboard */,
				00E9FEA31E84771E004CD58F /* SizeManager.swift */,
			);
			name = UserInterface;
			sourceTree = "<group>";
		};
		312B22AA1DF2ECF60071E867 /* Resources */ = {
			isa = PBXGroup;
			children = (
				312B227D1DF2EB270071E867 /* Assets.xcassets */,
				312B227F1DF2EB270071E867 /* LaunchScreen.storyboard */,
				312B22821DF2EB270071E867 /* Info.plist */,
			);
			name = Resources;
			sourceTree = "<group>";
		};
		312B22F01DF480CC0071E867 /* Extantions */ = {
			isa = PBXGroup;
			children = (
				0042BE5E1E7EED6000B6455A /* TimeInterval */,
				0042BE5B1E7EEAF400B6455A /* Array */,
				0042BE541E7DC55C00B6455A /* UIViewController */,
				0010B2FD1E60AF4A00F434BA /* UIColor */,
				00F4166F1E35085300C4F88E /* Calendar */,
				31F94AFF1E102D9100ED804A /* Date */,
				312B22F11DF480D70071E867 /* NSObject */,
			);
			name = Extantions;
			sourceTree = "<group>";
		};
		312B22F11DF480D70071E867 /* NSObject */ = {
			isa = PBXGroup;
			children = (
				00E654EA1E2ABA330085D73E /* NSObject+ClassName.swift */,
			);
			name = NSObject;
			sourceTree = "<group>";
		};
		31F94AFF1E102D9100ED804A /* Date */ = {
			isa = PBXGroup;
			children = (
				00E654E81E2ABA160085D73E /* Date+Calculation.swift */,
			);
			name = Date;
			sourceTree = "<group>";
		};
/* End PBXGroup section */

/* Begin PBXNativeTarget section */
		312B226F1DF2EB270071E867 /* Calendar */ = {
			isa = PBXNativeTarget;
			buildConfigurationList = 312B229B1DF2EB270071E867 /* Build configuration list for PBXNativeTarget "Calendar" */;
			buildPhases = (
				312B226C1DF2EB270071E867 /* Sources */,
				312B226D1DF2EB270071E867 /* Frameworks */,
				312B226E1DF2EB270071E867 /* Resources */,
				31CEAAFE1E101E97001E03C4 /* ShellScript */,
			);
			buildRules = (
			);
			dependencies = (
			);
			name = Calendar;
			productName = Calendar;
			productReference = 312B22701DF2EB270071E867 /* Calendar.app */;
			productType = "com.apple.product-type.application";
		};
		312B22861DF2EB270071E867 /* CalendarTests */ = {
			isa = PBXNativeTarget;
			buildConfigurationList = 312B229E1DF2EB270071E867 /* Build configuration list for PBXNativeTarget "CalendarTests" */;
			buildPhases = (
				312B22831DF2EB270071E867 /* Sources */,
				312B22841DF2EB270071E867 /* Frameworks */,
				312B22851DF2EB270071E867 /* Resources */,
			);
			buildRules = (
			);
			dependencies = (
				312B22891DF2EB270071E867 /* PBXTargetDependency */,
			);
			name = CalendarTests;
			productName = CalendarTests;
			productReference = 312B22871DF2EB270071E867 /* CalendarTests.xctest */;
			productType = "com.apple.product-type.bundle.unit-test";
		};
		312B22911DF2EB270071E867 /* CalendarUITests */ = {
			isa = PBXNativeTarget;
			buildConfigurationList = 312B22A11DF2EB270071E867 /* Build configuration list for PBXNativeTarget "CalendarUITests" */;
			buildPhases = (
				312B228E1DF2EB270071E867 /* Sources */,
				312B228F1DF2EB270071E867 /* Frameworks */,
				312B22901DF2EB270071E867 /* Resources */,
			);
			buildRules = (
			);
			dependencies = (
				312B22941DF2EB270071E867 /* PBXTargetDependency */,
			);
			name = CalendarUITests;
			productName = CalendarUITests;
			productReference = 312B22921DF2EB270071E867 /* CalendarUITests.xctest */;
			productType = "com.apple.product-type.bundle.ui-testing";
		};
/* End PBXNativeTarget section */

/* Begin PBXProject section */
		312B22681DF2EB260071E867 /* Project object */ = {
			isa = PBXProject;
			attributes = {
				LastSwiftUpdateCheck = 0810;
				LastUpgradeCheck = 0820;
				ORGANIZATIONNAME = v.ampilogov;
				TargetAttributes = {
					312B226F1DF2EB270071E867 = {
						CreatedOnToolsVersion = 8.1;
						DevelopmentTeam = 8SEFGGQX9M;
						ProvisioningStyle = Automatic;
					};
					312B22861DF2EB270071E867 = {
						CreatedOnToolsVersion = 8.1;
						DevelopmentTeam = 8SEFGGQX9M;
						ProvisioningStyle = Automatic;
						TestTargetID = 312B226F1DF2EB270071E867;
					};
					312B22911DF2EB270071E867 = {
						CreatedOnToolsVersion = 8.1;
						DevelopmentTeam = 8SEFGGQX9M;
						ProvisioningStyle = Automatic;
						TestTargetID = 312B226F1DF2EB270071E867;
					};
				};
			};
			buildConfigurationList = 312B226B1DF2EB260071E867 /* Build configuration list for PBXProject "Calendar" */;
			compatibilityVersion = "Xcode 3.2";
			developmentRegion = English;
			hasScannedForEncodings = 0;
			knownRegions = (
				en,
				Base,
			);
			mainGroup = 312B22671DF2EB260071E867;
			productRefGroup = 312B22711DF2EB270071E867 /* Products */;
			projectDirPath = "";
			projectRoot = "";
			targets = (
				312B226F1DF2EB270071E867 /* Calendar */,
				312B22861DF2EB270071E867 /* CalendarTests */,
				312B22911DF2EB270071E867 /* CalendarUITests */,
			);
		};
/* End PBXProject section */

/* Begin PBXResourcesBuildPhase section */
		312B226E1DF2EB270071E867 /* Resources */ = {
			isa = PBXResourcesBuildPhase;
			buildActionMask = 2147483647;
			files = (
				31F94AFD1E1024BF00ED804A /* .swiftlint.yml in Resources */,
				312B22811DF2EB270071E867 /* LaunchScreen.storyboard in Resources */,
				312B227E1DF2EB270071E867 /* Assets.xcassets in Resources */,
				312B22791DF2EB270071E867 /* Main.storyboard in Resources */,
			);
			runOnlyForDeploymentPostprocessing = 0;
		};
		312B22851DF2EB270071E867 /* Resources */ = {
			isa = PBXResourcesBuildPhase;
			buildActionMask = 2147483647;
			files = (
			);
			runOnlyForDeploymentPostprocessing = 0;
		};
		312B22901DF2EB270071E867 /* Resources */ = {
			isa = PBXResourcesBuildPhase;
			buildActionMask = 2147483647;
			files = (
			);
			runOnlyForDeploymentPostprocessing = 0;
		};
/* End PBXResourcesBuildPhase section */

/* Begin PBXShellScriptBuildPhase section */
		31CEAAFE1E101E97001E03C4 /* ShellScript */ = {
			isa = PBXShellScriptBuildPhase;
			buildActionMask = 2147483647;
			files = (
			);
			inputPaths = (
			);
			outputPaths = (
			);
			runOnlyForDeploymentPostprocessing = 0;
			shellPath = /bin/sh;
			shellScript = "if which swiftlint >/dev/null; then\nswiftlint\nelse\necho \"warning: SwiftLint not installed, download from https://github.com/realm/SwiftLint\"\nfi";
		};
/* End PBXShellScriptBuildPhase section */

/* Begin PBXSourcesBuildPhase section */
		312B226C1DF2EB270071E867 /* Sources */ = {
			isa = PBXSourcesBuildPhase;
			buildActionMask = 2147483647;
			files = (
				00E654EB1E2ABA330085D73E /* NSObject+ClassName.swift in Sources */,
				001290951E2BA72800FB296F /* MainViewController.swift in Sources */,
				00CBC2461E88261700E06739 /* CalendarSynchronizer.swift in Sources */,
				0010B2FC1E60A32C00F434BA /* RoundedView.swift in Sources */,
				0011F07B1E6220680053921C /* Calendar+Constants.swift in Sources */,
				00E710311E880B6A00552CE6 /* EventInfo.swift in Sources */,
				00E710321E880B6A00552CE6 /* StaticDataGenerator.swift in Sources */,
				0042BE601E7EED9D00B6455A /* TimeInterval+Constants.swift in Sources */,
				00E7102E1E880B6A00552CE6 /* EventsCreator.swift in Sources */,
				00CBC2441E8825F500E06739 /* CalendarCellConfigurator.swift in Sources */,
				00E9FEA41E84771E004CD58F /* SizeManager.swift in Sources */,
				00E7102C1E880B6A00552CE6 /* DBDay.swift in Sources */,
				00E710281E880B6A00552CE6 /* Storage.swift in Sources */,
				312B22741DF2EB270071E867 /* AppDelegate.swift in Sources */,
				00E710261E880B6A00552CE6 /* DataModel.xcdatamodeld in Sources */,
				00F416741E3511D300C4F88E /* EventCell.swift in Sources */,
				001290A01E2BACC300FB296F /* DayCollectionCell.swift in Sources */,
				00E710331E880B6A00552CE6 /* CalendarInitializator.swift in Sources */,
				0010B3021E60EC6300F434BA /* SeparatorView.swift in Sources */,
				0042BE561E7DC5A500B6455A /* UIViewController+ChildViewController.swift in Sources */,
				0042BE5D1E7EEB4C00B6455A /* Array+Elements.swift in Sources */,
				0012909B1E2BA7C000FB296F /* AgendaViewController.swift in Sources */,
				0012909D1E2BA7E500FB296F /* CalendarViewController.swift in Sources */,
				0010B2FF1E60AF7D00F434BA /* UIColor+FlatColors.swift in Sources */,
				00E7102A1E880B6A00552CE6 /* CalendarService.swift in Sources */,
				00E710291E880B6A00552CE6 /* Locator.swift in Sources */,
				00E7102D1E880B6A00552CE6 /* DBEvent.swift in Sources */,
				00CBC24D1E88266600E06739 /* AgendaCellConfigurator.swift in Sources */,
				00E654E91E2ABA160085D73E /* Date+Calculation.swift in Sources */,
				0010B3051E60EDEE00F434BA /* CalendarLayout.swift in Sources */,
				00E710301E880B6A00552CE6 /* StaticData.swift in Sources */,
			);
			runOnlyForDeploymentPostprocessing = 0;
		};
		312B22831DF2EB270071E867 /* Sources */ = {
			isa = PBXSourcesBuildPhase;
			buildActionMask = 2147483647;
			files = (
				312B228C1DF2EB270071E867 /* CalendarTests.swift in Sources */,
			);
			runOnlyForDeploymentPostprocessing = 0;
		};
		312B228E1DF2EB270071E867 /* Sources */ = {
			isa = PBXSourcesBuildPhase;
			buildActionMask = 2147483647;
			files = (
				312B22971DF2EB270071E867 /* CalendarUITests.swift in Sources */,
			);
			runOnlyForDeploymentPostprocessing = 0;
		};
/* End PBXSourcesBuildPhase section */

/* Begin PBXTargetDependency section */
		312B22891DF2EB270071E867 /* PBXTargetDependency */ = {
			isa = PBXTargetDependency;
			target = 312B226F1DF2EB270071E867 /* Calendar */;
			targetProxy = 312B22881DF2EB270071E867 /* PBXContainerItemProxy */;
		};
		312B22941DF2EB270071E867 /* PBXTargetDependency */ = {
			isa = PBXTargetDependency;
			target = 312B226F1DF2EB270071E867 /* Calendar */;
			targetProxy = 312B22931DF2EB270071E867 /* PBXContainerItemProxy */;
		};
/* End PBXTargetDependency section */

/* Begin PBXVariantGroup section */
		312B22771DF2EB270071E867 /* Main.storyboard */ = {
			isa = PBXVariantGroup;
			children = (
				312B22781DF2EB270071E867 /* Base */,
			);
			name = Main.storyboard;
			sourceTree = "<group>";
		};
		312B227F1DF2EB270071E867 /* LaunchScreen.storyboard */ = {
			isa = PBXVariantGroup;
			children = (
				312B22801DF2EB270071E867 /* Base */,
			);
			name = LaunchScreen.storyboard;
			sourceTree = "<group>";
		};
/* End PBXVariantGroup section */

/* Begin XCBuildConfiguration section */
		312B22991DF2EB270071E867 /* Debug */ = {
			isa = XCBuildConfiguration;
			buildSettings = {
				ALWAYS_SEARCH_USER_PATHS = NO;
				CLANG_ANALYZER_NONNULL = YES;
				CLANG_CXX_LANGUAGE_STANDARD = "gnu++0x";
				CLANG_CXX_LIBRARY = "libc++";
				CLANG_ENABLE_MODULES = YES;
				CLANG_ENABLE_OBJC_ARC = YES;
				CLANG_WARN_BOOL_CONVERSION = YES;
				CLANG_WARN_CONSTANT_CONVERSION = YES;
				CLANG_WARN_DIRECT_OBJC_ISA_USAGE = YES_ERROR;
				CLANG_WARN_DOCUMENTATION_COMMENTS = YES;
				CLANG_WARN_EMPTY_BODY = YES;
				CLANG_WARN_ENUM_CONVERSION = YES;
				CLANG_WARN_INFINITE_RECURSION = YES;
				CLANG_WARN_INT_CONVERSION = YES;
				CLANG_WARN_OBJC_ROOT_CLASS = YES_ERROR;
				CLANG_WARN_SUSPICIOUS_MOVE = YES;
				CLANG_WARN_SUSPICIOUS_MOVES = YES;
				CLANG_WARN_UNREACHABLE_CODE = YES;
				CLANG_WARN__DUPLICATE_METHOD_MATCH = YES;
				"CODE_SIGN_IDENTITY[sdk=iphoneos*]" = "iPhone Developer";
				COPY_PHASE_STRIP = NO;
				DEBUG_INFORMATION_FORMAT = dwarf;
				ENABLE_STRICT_OBJC_MSGSEND = YES;
				ENABLE_TESTABILITY = YES;
				GCC_C_LANGUAGE_STANDARD = gnu99;
				GCC_DYNAMIC_NO_PIC = NO;
				GCC_NO_COMMON_BLOCKS = YES;
				GCC_OPTIMIZATION_LEVEL = 0;
				GCC_PREPROCESSOR_DEFINITIONS = (
					"DEBUG=1",
					"$(inherited)",
				);
				GCC_WARN_64_TO_32_BIT_CONVERSION = YES;
				GCC_WARN_ABOUT_RETURN_TYPE = YES_ERROR;
				GCC_WARN_UNDECLARED_SELECTOR = YES;
				GCC_WARN_UNINITIALIZED_AUTOS = YES_AGGRESSIVE;
				GCC_WARN_UNUSED_FUNCTION = YES;
				GCC_WARN_UNUSED_VARIABLE = YES;
				IPHONEOS_DEPLOYMENT_TARGET = 10.1;
				MTL_ENABLE_DEBUG_INFO = YES;
				ONLY_ACTIVE_ARCH = YES;
				SDKROOT = iphoneos;
				SWIFT_ACTIVE_COMPILATION_CONDITIONS = DEBUG;
				SWIFT_OPTIMIZATION_LEVEL = "-Onone";
				TARGETED_DEVICE_FAMILY = "1,2";
			};
			name = Debug;
		};
		312B229A1DF2EB270071E867 /* Release */ = {
			isa = XCBuildConfiguration;
			buildSettings = {
				ALWAYS_SEARCH_USER_PATHS = NO;
				CLANG_ANALYZER_NONNULL = YES;
				CLANG_CXX_LANGUAGE_STANDARD = "gnu++0x";
				CLANG_CXX_LIBRARY = "libc++";
				CLANG_ENABLE_MODULES = YES;
				CLANG_ENABLE_OBJC_ARC = YES;
				CLANG_WARN_BOOL_CONVERSION = YES;
				CLANG_WARN_CONSTANT_CONVERSION = YES;
				CLANG_WARN_DIRECT_OBJC_ISA_USAGE = YES_ERROR;
				CLANG_WARN_DOCUMENTATION_COMMENTS = YES;
				CLANG_WARN_EMPTY_BODY = YES;
				CLANG_WARN_ENUM_CONVERSION = YES;
				CLANG_WARN_INFINITE_RECURSION = YES;
				CLANG_WARN_INT_CONVERSION = YES;
				CLANG_WARN_OBJC_ROOT_CLASS = YES_ERROR;
				CLANG_WARN_SUSPICIOUS_MOVE = YES;
				CLANG_WARN_SUSPICIOUS_MOVES = YES;
				CLANG_WARN_UNREACHABLE_CODE = YES;
				CLANG_WARN__DUPLICATE_METHOD_MATCH = YES;
				"CODE_SIGN_IDENTITY[sdk=iphoneos*]" = "iPhone Developer";
				COPY_PHASE_STRIP = NO;
				DEBUG_INFORMATION_FORMAT = "dwarf-with-dsym";
				ENABLE_NS_ASSERTIONS = NO;
				ENABLE_STRICT_OBJC_MSGSEND = YES;
				GCC_C_LANGUAGE_STANDARD = gnu99;
				GCC_NO_COMMON_BLOCKS = YES;
				GCC_WARN_64_TO_32_BIT_CONVERSION = YES;
				GCC_WARN_ABOUT_RETURN_TYPE = YES_ERROR;
				GCC_WARN_UNDECLARED_SELECTOR = YES;
				GCC_WARN_UNINITIALIZED_AUTOS = YES_AGGRESSIVE;
				GCC_WARN_UNUSED_FUNCTION = YES;
				GCC_WARN_UNUSED_VARIABLE = YES;
				IPHONEOS_DEPLOYMENT_TARGET = 10.1;
				MTL_ENABLE_DEBUG_INFO = NO;
				SDKROOT = iphoneos;
				SWIFT_OPTIMIZATION_LEVEL = "-Owholemodule";
				TARGETED_DEVICE_FAMILY = "1,2";
				VALIDATE_PRODUCT = YES;
			};
			name = Release;
		};
		312B229C1DF2EB270071E867 /* Debug */ = {
			isa = XCBuildConfiguration;
			buildSettings = {
				ASSETCATALOG_COMPILER_APPICON_NAME = AppIcon;
				DEVELOPMENT_TEAM = 8SEFGGQX9M;
				INFOPLIST_FILE = Calendar/Info.plist;
				IPHONEOS_DEPLOYMENT_TARGET = 9.0;
				LD_RUNPATH_SEARCH_PATHS = "$(inherited) @executable_path/Frameworks";
				PRODUCT_BUNDLE_IDENTIFIER = Ampilogov.Calendar;
				PRODUCT_NAME = "$(TARGET_NAME)";
				SWIFT_VERSION = 3.0;
			};
			name = Debug;
		};
		312B229D1DF2EB270071E867 /* Release */ = {
			isa = XCBuildConfiguration;
			buildSettings = {
				ASSETCATALOG_COMPILER_APPICON_NAME = AppIcon;
				DEVELOPMENT_TEAM = 8SEFGGQX9M;
				INFOPLIST_FILE = Calendar/Info.plist;
				IPHONEOS_DEPLOYMENT_TARGET = 9.0;
				LD_RUNPATH_SEARCH_PATHS = "$(inherited) @executable_path/Frameworks";
				PRODUCT_BUNDLE_IDENTIFIER = Ampilogov.Calendar;
				PRODUCT_NAME = "$(TARGET_NAME)";
				SWIFT_VERSION = 3.0;
			};
			name = Release;
		};
		312B229F1DF2EB270071E867 /* Debug */ = {
			isa = XCBuildConfiguration;
			buildSettings = {
				ALWAYS_EMBED_SWIFT_STANDARD_LIBRARIES = YES;
				BUNDLE_LOADER = "$(TEST_HOST)";
				DEVELOPMENT_TEAM = 8SEFGGQX9M;
				INFOPLIST_FILE = CalendarTests/Info.plist;
				LD_RUNPATH_SEARCH_PATHS = "$(inherited) @executable_path/Frameworks @loader_path/Frameworks";
				PRODUCT_BUNDLE_IDENTIFIER = Ampilogov.CalendarTests;
				PRODUCT_NAME = "$(TARGET_NAME)";
				SWIFT_VERSION = 3.0;
				TEST_HOST = "$(BUILT_PRODUCTS_DIR)/Calendar.app/Calendar";
			};
			name = Debug;
		};
		312B22A01DF2EB270071E867 /* Release */ = {
			isa = XCBuildConfiguration;
			buildSettings = {
				ALWAYS_EMBED_SWIFT_STANDARD_LIBRARIES = YES;
				BUNDLE_LOADER = "$(TEST_HOST)";
				DEVELOPMENT_TEAM = 8SEFGGQX9M;
				INFOPLIST_FILE = CalendarTests/Info.plist;
				LD_RUNPATH_SEARCH_PATHS = "$(inherited) @executable_path/Frameworks @loader_path/Frameworks";
				PRODUCT_BUNDLE_IDENTIFIER = Ampilogov.CalendarTests;
				PRODUCT_NAME = "$(TARGET_NAME)";
				SWIFT_VERSION = 3.0;
				TEST_HOST = "$(BUILT_PRODUCTS_DIR)/Calendar.app/Calendar";
			};
			name = Release;
		};
		312B22A21DF2EB270071E867 /* Debug */ = {
			isa = XCBuildConfiguration;
			buildSettings = {
				ALWAYS_EMBED_SWIFT_STANDARD_LIBRARIES = YES;
				DEVELOPMENT_TEAM = 8SEFGGQX9M;
				INFOPLIST_FILE = CalendarUITests/Info.plist;
				LD_RUNPATH_SEARCH_PATHS = "$(inherited) @executable_path/Frameworks @loader_path/Frameworks";
				PRODUCT_BUNDLE_IDENTIFIER = Ampilogov.CalendarUITests;
				PRODUCT_NAME = "$(TARGET_NAME)";
				SWIFT_VERSION = 3.0;
				TEST_TARGET_NAME = Calendar;
			};
			name = Debug;
		};
		312B22A31DF2EB270071E867 /* Release */ = {
			isa = XCBuildConfiguration;
			buildSettings = {
				ALWAYS_EMBED_SWIFT_STANDARD_LIBRARIES = YES;
				DEVELOPMENT_TEAM = 8SEFGGQX9M;
				INFOPLIST_FILE = CalendarUITests/Info.plist;
				LD_RUNPATH_SEARCH_PATHS = "$(inherited) @executable_path/Frameworks @loader_path/Frameworks";
				PRODUCT_BUNDLE_IDENTIFIER = Ampilogov.CalendarUITests;
				PRODUCT_NAME = "$(TARGET_NAME)";
				SWIFT_VERSION = 3.0;
				TEST_TARGET_NAME = Calendar;
			};
			name = Release;
		};
/* End XCBuildConfiguration section */

/* Begin XCConfigurationList section */
		312B226B1DF2EB260071E867 /* Build configuration list for PBXProject "Calendar" */ = {
			isa = XCConfigurationList;
			buildConfigurations = (
				312B22991DF2EB270071E867 /* Debug */,
				312B229A1DF2EB270071E867 /* Release */,
			);
			defaultConfigurationIsVisible = 0;
			defaultConfigurationName = Release;
		};
		312B229B1DF2EB270071E867 /* Build configuration list for PBXNativeTarget "Calendar" */ = {
			isa = XCConfigurationList;
			buildConfigurations = (
				312B229C1DF2EB270071E867 /* Debug */,
				312B229D1DF2EB270071E867 /* Release */,
			);
			defaultConfigurationIsVisible = 0;
			defaultConfigurationName = Release;
		};
		312B229E1DF2EB270071E867 /* Build configuration list for PBXNativeTarget "CalendarTests" */ = {
			isa = XCConfigurationList;
			buildConfigurations = (
				312B229F1DF2EB270071E867 /* Debug */,
				312B22A01DF2EB270071E867 /* Release */,
			);
			defaultConfigurationIsVisible = 0;
			defaultConfigurationName = Release;
		};
		312B22A11DF2EB270071E867 /* Build configuration list for PBXNativeTarget "CalendarUITests" */ = {
			isa = XCConfigurationList;
			buildConfigurations = (
				312B22A21DF2EB270071E867 /* Debug */,
				312B22A31DF2EB270071E867 /* Release */,
			);
			defaultConfigurationIsVisible = 0;
			defaultConfigurationName = Release;
		};
/* End XCConfigurationList section */

/* Begin XCVersionGroup section */
		00E7100E1E880B6A00552CE6 /* DataModel.xcdatamodeld */ = {
			isa = XCVersionGroup;
			children = (
				00E7100F1E880B6A00552CE6 /* DataModel.xcdatamodel */,
			);
			currentVersion = 00E7100F1E880B6A00552CE6 /* DataModel.xcdatamodel */;
			path = DataModel.xcdatamodeld;
			sourceTree = "<group>";
			versionGroupType = wrapper.xcdatamodel;
		};
/* End XCVersionGroup section */
	};
	rootObject = 312B22681DF2EB260071E867 /* Project object */;
}
