// !$*UTF8*$!
{
	archiveVersion = 1;
	classes = {
	};
	objectVersion = 46;
	objects = {

/* Begin PBXBuildFile section */
		000535171FC9880C00C13A0A /* Const.swift in Sources */ = {isa = PBXBuildFile; fileRef = 000535161FC9880C00C13A0A /* Const.swift */; };
		0005351A1FC98FAD00C13A0A /* DateHelper.swift in Sources */ = {isa = PBXBuildFile; fileRef = 000535191FC98FAD00C13A0A /* DateHelper.swift */; };
		0005351C1FCB2D6900C13A0A /* Persistable.swift in Sources */ = {isa = PBXBuildFile; fileRef = 0005351B1FCB2D6900C13A0A /* Persistable.swift */; };
		000535201FCB32B600C13A0A /* NSManagedObject.swift in Sources */ = {isa = PBXBuildFile; fileRef = 0005351F1FCB32B600C13A0A /* NSManagedObject.swift */; };
		005F7C211FD9109800AE8FA3 /* ResponseParser.swift in Sources */ = {isa = PBXBuildFile; fileRef = 005F7C201FD9109800AE8FA3 /* ResponseParser.swift */; };
		0090E47A1FCC9AE60084B18C /* AgendaDataManager.swift in Sources */ = {isa = PBXBuildFile; fileRef = 0090E4791FCC9AE60084B18C /* AgendaDataManager.swift */; };
		0090E47C1FCC9BFE0084B18C /* Aliases.swift in Sources */ = {isa = PBXBuildFile; fileRef = 0090E47B1FCC9BFE0084B18C /* Aliases.swift */; };
		0090E4831FD125AF0084B18C /* UIView+Layout.swift in Sources */ = {isa = PBXBuildFile; fileRef = 0090E4821FD125AF0084B18C /* UIView+Layout.swift */; };
		0090E4931FD41E2D0084B18C /* CGFloat+Margins.swift in Sources */ = {isa = PBXBuildFile; fileRef = 0090E4921FD41E2D0084B18C /* CGFloat+Margins.swift */; };
		0090E49B1FD47B8E0084B18C /* DateFormatter.swift in Sources */ = {isa = PBXBuildFile; fileRef = 0090E49A1FD47B8E0084B18C /* DateFormatter.swift */; };
		0090E49D1FD482A30084B18C /* WeekDaysView.swift in Sources */ = {isa = PBXBuildFile; fileRef = 0090E49C1FD482A30084B18C /* WeekDaysView.swift */; };
		0090E4A01FD48DEF0084B18C /* RequestManager.swift in Sources */ = {isa = PBXBuildFile; fileRef = 0090E49F1FD48DEF0084B18C /* RequestManager.swift */; };
		0090E4A31FD7B6790084B18C /* ForecastService.swift in Sources */ = {isa = PBXBuildFile; fileRef = 0090E4A21FD7B6790084B18C /* ForecastService.swift */; };
		0090E4A71FD7B72A0084B18C /* RequestBuilder.swift in Sources */ = {isa = PBXBuildFile; fileRef = 0090E4A61FD7B72A0084B18C /* RequestBuilder.swift */; };
		0090E4AB1FD7B7AD0084B18C /* ForecastRequest.swift in Sources */ = {isa = PBXBuildFile; fileRef = 0090E4AA1FD7B7AD0084B18C /* ForecastRequest.swift */; };
		0090E4AE1FD7C0540084B18C /* Forecast.swift in Sources */ = {isa = PBXBuildFile; fileRef = 0090E4AD1FD7C0540084B18C /* Forecast.swift */; };
		0090E4B01FD7C0F90084B18C /* WebApi.swift in Sources */ = {isa = PBXBuildFile; fileRef = 0090E4AF1FD7C0F90084B18C /* WebApi.swift */; };
		00FF1E111FC9619B00AA234C /* Storage.swift in Sources */ = {isa = PBXBuildFile; fileRef = 00FF1DD61FC9619B00AA234C /* Storage.swift */; };
		00FF1E121FC9619B00AA234C /* DataModel.xcdatamodeld in Sources */ = {isa = PBXBuildFile; fileRef = 00FF1DD71FC9619B00AA234C /* DataModel.xcdatamodeld */; };
		00FF1E131FC9619B00AA234C /* Locator.swift in Sources */ = {isa = PBXBuildFile; fileRef = 00FF1DDA1FC9619B00AA234C /* Locator.swift */; };
		00FF1E161FC9619B00AA234C /* StaticDataGenerator.swift in Sources */ = {isa = PBXBuildFile; fileRef = 00FF1DE21FC9619B00AA234C /* StaticDataGenerator.swift */; };
		00FF1E171FC9619B00AA234C /* StaticData.swift in Sources */ = {isa = PBXBuildFile; fileRef = 00FF1DE41FC9619B00AA234C /* StaticData.swift */; };
		00FF1E181FC9619B00AA234C /* EventsGenerator.swift in Sources */ = {isa = PBXBuildFile; fileRef = 00FF1DE51FC9619B00AA234C /* EventsGenerator.swift */; };
		00FF1E1A1FC9619B00AA234C /* Event.swift in Sources */ = {isa = PBXBuildFile; fileRef = 00FF1DE91FC9619B00AA234C /* Event.swift */; };
		00FF1E1B1FC9619B00AA234C /* CalendarService.swift in Sources */ = {isa = PBXBuildFile; fileRef = 00FF1DEA1FC9619B00AA234C /* CalendarService.swift */; };
		00FF1E1C1FC9619B00AA234C /* RoundedView.swift in Sources */ = {isa = PBXBuildFile; fileRef = 00FF1DEE1FC9619B00AA234C /* RoundedView.swift */; };
		00FF1E1E1FC9619B00AA234C /* UIColor+FlatColors.swift in Sources */ = {isa = PBXBuildFile; fileRef = 00FF1DF31FC9619B00AA234C /* UIColor+FlatColors.swift */; };
		00FF1E1F1FC9619B00AA234C /* TimeInterval+Constants.swift in Sources */ = {isa = PBXBuildFile; fileRef = 00FF1DF51FC9619B00AA234C /* TimeInterval+Constants.swift */; };
		00FF1E201FC9619B00AA234C /* Array+Elements.swift in Sources */ = {isa = PBXBuildFile; fileRef = 00FF1DF71FC9619B00AA234C /* Array+Elements.swift */; };
		00FF1E211FC9619B00AA234C /* Date+Calculation.swift in Sources */ = {isa = PBXBuildFile; fileRef = 00FF1DF91FC9619B00AA234C /* Date+Calculation.swift */; };
		00FF1E231FC9619B00AA234C /* NSObject+ClassName.swift in Sources */ = {isa = PBXBuildFile; fileRef = 00FF1DFD1FC9619B00AA234C /* NSObject+ClassName.swift */; };
		00FF1E241FC9619B00AA234C /* DayCollectionCell.swift in Sources */ = {isa = PBXBuildFile; fileRef = 00FF1E031FC9619B00AA234C /* DayCollectionCell.swift */; };
		00FF1E251FC9619B00AA234C /* CalendarLayout.swift in Sources */ = {isa = PBXBuildFile; fileRef = 00FF1E051FC9619B00AA234C /* CalendarLayout.swift */; };
		00FF1E261FC9619B00AA234C /* CalendarViewController.swift in Sources */ = {isa = PBXBuildFile; fileRef = 00FF1E061FC9619B00AA234C /* CalendarViewController.swift */; };
		00FF1E271FC9619B00AA234C /* CalendarCellConfigurator.swift in Sources */ = {isa = PBXBuildFile; fileRef = 00FF1E071FC9619B00AA234C /* CalendarCellConfigurator.swift */; };
		00FF1E281FC9619B00AA234C /* SeparatorView.swift in Sources */ = {isa = PBXBuildFile; fileRef = 00FF1E091FC9619B00AA234C /* SeparatorView.swift */; };
		00FF1E291FC9619B00AA234C /* MainViewController.swift in Sources */ = {isa = PBXBuildFile; fileRef = 00FF1E0A1FC9619B00AA234C /* MainViewController.swift */; };
		00FF1E2A1FC9619B00AA234C /* EventCell.swift in Sources */ = {isa = PBXBuildFile; fileRef = 00FF1E0D1FC9619B00AA234C /* EventCell.swift */; };
		00FF1E2B1FC9619B00AA234C /* AgendaViewController.swift in Sources */ = {isa = PBXBuildFile; fileRef = 00FF1E0E1FC9619B00AA234C /* AgendaViewController.swift */; };
		00FF1E2C1FC9619B00AA234C /* AgendaCellConfigurator.swift in Sources */ = {isa = PBXBuildFile; fileRef = 00FF1E0F1FC9619B00AA234C /* AgendaCellConfigurator.swift */; };
		00FF1E2D1FC9619B00AA234C /* CalendarSynchronizer.swift in Sources */ = {isa = PBXBuildFile; fileRef = 00FF1E101FC9619B00AA234C /* CalendarSynchronizer.swift */; };
		00FF1E2F1FC961C200AA234C /* SizeManager.swift in Sources */ = {isa = PBXBuildFile; fileRef = 00FF1E2E1FC961C200AA234C /* SizeManager.swift */; };
		312B22741DF2EB270071E867 /* AppDelegate.swift in Sources */ = {isa = PBXBuildFile; fileRef = 312B22731DF2EB270071E867 /* AppDelegate.swift */; };
		312B227E1DF2EB270071E867 /* Assets.xcassets in Resources */ = {isa = PBXBuildFile; fileRef = 312B227D1DF2EB270071E867 /* Assets.xcassets */; };
		312B22811DF2EB270071E867 /* LaunchScreen.storyboard in Resources */ = {isa = PBXBuildFile; fileRef = 312B227F1DF2EB270071E867 /* LaunchScreen.storyboard */; };
		312B228C1DF2EB270071E867 /* CalendarTests.swift in Sources */ = {isa = PBXBuildFile; fileRef = 312B228B1DF2EB270071E867 /* CalendarTests.swift */; };
		31F94AFD1E1024BF00ED804A /* .swiftlint.yml in Resources */ = {isa = PBXBuildFile; fileRef = 31F94AFC1E1024BF00ED804A /* .swiftlint.yml */; };
/* End PBXBuildFile section */

/* Begin PBXContainerItemProxy section */
		312B22881DF2EB270071E867 /* PBXContainerItemProxy */ = {
			isa = PBXContainerItemProxy;
			containerPortal = 312B22681DF2EB260071E867 /* Project object */;
			proxyType = 1;
			remoteGlobalIDString = 312B226F1DF2EB270071E867;
			remoteInfo = Calendar;
		};
/* End PBXContainerItemProxy section */

/* Begin PBXFileReference section */
		000535161FC9880C00C13A0A /* Const.swift */ = {isa = PBXFileReference; lastKnownFileType = sourcecode.swift; path = Const.swift; sourceTree = "<group>"; };
		000535191FC98FAD00C13A0A /* DateHelper.swift */ = {isa = PBXFileReference; lastKnownFileType = sourcecode.swift; path = DateHelper.swift; sourceTree = "<group>"; };
		0005351B1FCB2D6900C13A0A /* Persistable.swift */ = {isa = PBXFileReference; lastKnownFileType = sourcecode.swift; path = Persistable.swift; sourceTree = "<group>"; };
		0005351F1FCB32B600C13A0A /* NSManagedObject.swift */ = {isa = PBXFileReference; lastKnownFileType = sourcecode.swift; path = NSManagedObject.swift; sourceTree = "<group>"; };
		005F7C201FD9109800AE8FA3 /* ResponseParser.swift */ = {isa = PBXFileReference; lastKnownFileType = sourcecode.swift; path = ResponseParser.swift; sourceTree = "<group>"; };
		0090E4791FCC9AE60084B18C /* AgendaDataManager.swift */ = {isa = PBXFileReference; lastKnownFileType = sourcecode.swift; path = AgendaDataManager.swift; sourceTree = "<group>"; };
		0090E47B1FCC9BFE0084B18C /* Aliases.swift */ = {isa = PBXFileReference; lastKnownFileType = sourcecode.swift; path = Aliases.swift; sourceTree = "<group>"; };
		0090E4821FD125AF0084B18C /* UIView+Layout.swift */ = {isa = PBXFileReference; lastKnownFileType = sourcecode.swift; path = "UIView+Layout.swift"; sourceTree = "<group>"; };
		0090E4921FD41E2D0084B18C /* CGFloat+Margins.swift */ = {isa = PBXFileReference; lastKnownFileType = sourcecode.swift; path = "CGFloat+Margins.swift"; sourceTree = "<group>"; };
		0090E49A1FD47B8E0084B18C /* DateFormatter.swift */ = {isa = PBXFileReference; lastKnownFileType = sourcecode.swift; path = DateFormatter.swift; sourceTree = "<group>"; };
		0090E49C1FD482A30084B18C /* WeekDaysView.swift */ = {isa = PBXFileReference; lastKnownFileType = sourcecode.swift; name = WeekDaysView.swift; path = Calendar/Core/Extantions/DateFormatter/WeekDaysView.swift; sourceTree = SOURCE_ROOT; };
		0090E49F1FD48DEF0084B18C /* RequestManager.swift */ = {isa = PBXFileReference; lastKnownFileType = sourcecode.swift; path = RequestManager.swift; sourceTree = "<group>"; };
		0090E4A21FD7B6790084B18C /* ForecastService.swift */ = {isa = PBXFileReference; lastKnownFileType = sourcecode.swift; path = ForecastService.swift; sourceTree = "<group>"; };
		0090E4A61FD7B72A0084B18C /* RequestBuilder.swift */ = {isa = PBXFileReference; lastKnownFileType = sourcecode.swift; path = RequestBuilder.swift; sourceTree = "<group>"; };
		0090E4AA1FD7B7AD0084B18C /* ForecastRequest.swift */ = {isa = PBXFileReference; lastKnownFileType = sourcecode.swift; path = ForecastRequest.swift; sourceTree = "<group>"; };
		0090E4AD1FD7C0540084B18C /* Forecast.swift */ = {isa = PBXFileReference; lastKnownFileType = sourcecode.swift; path = Forecast.swift; sourceTree = "<group>"; };
		0090E4AF1FD7C0F90084B18C /* WebApi.swift */ = {isa = PBXFileReference; lastKnownFileType = sourcecode.swift; path = WebApi.swift; sourceTree = "<group>"; };
		00FF1DD61FC9619B00AA234C /* Storage.swift */ = {isa = PBXFileReference; fileEncoding = 4; lastKnownFileType = sourcecode.swift; path = Storage.swift; sourceTree = "<group>"; };
		00FF1DD81FC9619B00AA234C /* DataModel.xcdatamodel */ = {isa = PBXFileReference; lastKnownFileType = wrapper.xcdatamodel; path = DataModel.xcdatamodel; sourceTree = "<group>"; };
		00FF1DDA1FC9619B00AA234C /* Locator.swift */ = {isa = PBXFileReference; fileEncoding = 4; lastKnownFileType = sourcecode.swift; path = Locator.swift; sourceTree = "<group>"; };
		00FF1DE21FC9619B00AA234C /* StaticDataGenerator.swift */ = {isa = PBXFileReference; fileEncoding = 4; lastKnownFileType = sourcecode.swift; path = StaticDataGenerator.swift; sourceTree = "<group>"; };
		00FF1DE41FC9619B00AA234C /* StaticData.swift */ = {isa = PBXFileReference; fileEncoding = 4; lastKnownFileType = sourcecode.swift; path = StaticData.swift; sourceTree = "<group>"; };
		00FF1DE51FC9619B00AA234C /* EventsGenerator.swift */ = {isa = PBXFileReference; fileEncoding = 4; lastKnownFileType = sourcecode.swift; path = EventsGenerator.swift; sourceTree = "<group>"; };
		00FF1DE91FC9619B00AA234C /* Event.swift */ = {isa = PBXFileReference; fileEncoding = 4; lastKnownFileType = sourcecode.swift; path = Event.swift; sourceTree = "<group>"; };
		00FF1DEA1FC9619B00AA234C /* CalendarService.swift */ = {isa = PBXFileReference; fileEncoding = 4; lastKnownFileType = sourcecode.swift; path = CalendarService.swift; sourceTree = "<group>"; };
		00FF1DEE1FC9619B00AA234C /* RoundedView.swift */ = {isa = PBXFileReference; fileEncoding = 4; lastKnownFileType = sourcecode.swift; path = RoundedView.swift; sourceTree = "<group>"; };
		00FF1DF31FC9619B00AA234C /* UIColor+FlatColors.swift */ = {isa = PBXFileReference; fileEncoding = 4; lastKnownFileType = sourcecode.swift; path = "UIColor+FlatColors.swift"; sourceTree = "<group>"; };
		00FF1DF51FC9619B00AA234C /* TimeInterval+Constants.swift */ = {isa = PBXFileReference; fileEncoding = 4; lastKnownFileType = sourcecode.swift; path = "TimeInterval+Constants.swift"; sourceTree = "<group>"; };
		00FF1DF71FC9619B00AA234C /* Array+Elements.swift */ = {isa = PBXFileReference; fileEncoding = 4; lastKnownFileType = sourcecode.swift; path = "Array+Elements.swift"; sourceTree = "<group>"; };
		00FF1DF91FC9619B00AA234C /* Date+Calculation.swift */ = {isa = PBXFileReference; fileEncoding = 4; lastKnownFileType = sourcecode.swift; path = "Date+Calculation.swift"; sourceTree = "<group>"; };
		00FF1DFD1FC9619B00AA234C /* NSObject+ClassName.swift */ = {isa = PBXFileReference; fileEncoding = 4; lastKnownFileType = sourcecode.swift; path = "NSObject+ClassName.swift"; sourceTree = "<group>"; };
		00FF1E031FC9619B00AA234C /* DayCollectionCell.swift */ = {isa = PBXFileReference; fileEncoding = 4; lastKnownFileType = sourcecode.swift; path = DayCollectionCell.swift; sourceTree = "<group>"; };
		00FF1E051FC9619B00AA234C /* CalendarLayout.swift */ = {isa = PBXFileReference; fileEncoding = 4; lastKnownFileType = sourcecode.swift; path = CalendarLayout.swift; sourceTree = "<group>"; };
		00FF1E061FC9619B00AA234C /* CalendarViewController.swift */ = {isa = PBXFileReference; fileEncoding = 4; lastKnownFileType = sourcecode.swift; path = CalendarViewController.swift; sourceTree = "<group>"; };
		00FF1E071FC9619B00AA234C /* CalendarCellConfigurator.swift */ = {isa = PBXFileReference; fileEncoding = 4; lastKnownFileType = sourcecode.swift; path = CalendarCellConfigurator.swift; sourceTree = "<group>"; };
		00FF1E091FC9619B00AA234C /* SeparatorView.swift */ = {isa = PBXFileReference; fileEncoding = 4; lastKnownFileType = sourcecode.swift; path = SeparatorView.swift; sourceTree = "<group>"; };
		00FF1E0A1FC9619B00AA234C /* MainViewController.swift */ = {isa = PBXFileReference; fileEncoding = 4; lastKnownFileType = sourcecode.swift; path = MainViewController.swift; sourceTree = "<group>"; };
		00FF1E0D1FC9619B00AA234C /* EventCell.swift */ = {isa = PBXFileReference; fileEncoding = 4; lastKnownFileType = sourcecode.swift; path = EventCell.swift; sourceTree = "<group>"; };
		00FF1E0E1FC9619B00AA234C /* AgendaViewController.swift */ = {isa = PBXFileReference; fileEncoding = 4; lastKnownFileType = sourcecode.swift; path = AgendaViewController.swift; sourceTree = "<group>"; };
		00FF1E0F1FC9619B00AA234C /* AgendaCellConfigurator.swift */ = {isa = PBXFileReference; fileEncoding = 4; lastKnownFileType = sourcecode.swift; path = AgendaCellConfigurator.swift; sourceTree = "<group>"; };
		00FF1E101FC9619B00AA234C /* CalendarSynchronizer.swift */ = {isa = PBXFileReference; fileEncoding = 4; lastKnownFileType = sourcecode.swift; path = CalendarSynchronizer.swift; sourceTree = "<group>"; };
		00FF1E2E1FC961C200AA234C /* SizeManager.swift */ = {isa = PBXFileReference; fileEncoding = 4; lastKnownFileType = sourcecode.swift; path = SizeManager.swift; sourceTree = "<group>"; };
		312B22701DF2EB270071E867 /* Calendar.app */ = {isa = PBXFileReference; explicitFileType = wrapper.application; includeInIndex = 0; path = Calendar.app; sourceTree = BUILT_PRODUCTS_DIR; };
		312B22731DF2EB270071E867 /* AppDelegate.swift */ = {isa = PBXFileReference; lastKnownFileType = sourcecode.swift; path = AppDelegate.swift; sourceTree = "<group>"; };
		312B227D1DF2EB270071E867 /* Assets.xcassets */ = {isa = PBXFileReference; lastKnownFileType = folder.assetcatalog; path = Assets.xcassets; sourceTree = "<group>"; };
		312B22801DF2EB270071E867 /* Base */ = {isa = PBXFileReference; lastKnownFileType = file.storyboard; name = Base; path = Base.lproj/LaunchScreen.storyboard; sourceTree = "<group>"; };
		312B22821DF2EB270071E867 /* Info.plist */ = {isa = PBXFileReference; lastKnownFileType = text.plist.xml; path = Info.plist; sourceTree = "<group>"; };
		312B22871DF2EB270071E867 /* CalendarTests.xctest */ = {isa = PBXFileReference; explicitFileType = wrapper.cfbundle; includeInIndex = 0; path = CalendarTests.xctest; sourceTree = BUILT_PRODUCTS_DIR; };
		312B228B1DF2EB270071E867 /* CalendarTests.swift */ = {isa = PBXFileReference; lastKnownFileType = sourcecode.swift; path = CalendarTests.swift; sourceTree = "<group>"; };
		312B228D1DF2EB270071E867 /* Info.plist */ = {isa = PBXFileReference; lastKnownFileType = text.plist.xml; path = Info.plist; sourceTree = "<group>"; };
		31F94AFC1E1024BF00ED804A /* .swiftlint.yml */ = {isa = PBXFileReference; fileEncoding = 4; lastKnownFileType = text; path = .swiftlint.yml; sourceTree = "<group>"; };
/* End PBXFileReference section */

/* Begin PBXFrameworksBuildPhase section */
		312B226D1DF2EB270071E867 /* Frameworks */ = {
			isa = PBXFrameworksBuildPhase;
			buildActionMask = 2147483647;
			files = (
			);
			runOnlyForDeploymentPostprocessing = 0;
		};
		312B22841DF2EB270071E867 /* Frameworks */ = {
			isa = PBXFrameworksBuildPhase;
			buildActionMask = 2147483647;
			files = (
			);
			runOnlyForDeploymentPostprocessing = 0;
		};
/* End PBXFrameworksBuildPhase section */

/* Begin PBXGroup section */
		000535181FC9890100C13A0A /* Helpers */ = {
			isa = PBXGroup;
			children = (
				000535191FC98FAD00C13A0A /* DateHelper.swift */,
			);
			path = Helpers;
			sourceTree = "<group>";
		};
		0005351E1FCB329900C13A0A /* NSManagedObject */ = {
			isa = PBXGroup;
			children = (
				0005351F1FCB32B600C13A0A /* NSManagedObject.swift */,
			);
			path = NSManagedObject;
			sourceTree = "<group>";
		};
		005F7C1F1FD9101E00AE8FA3 /* ResponseParser */ = {
			isa = PBXGroup;
			children = (
				005F7C201FD9109800AE8FA3 /* ResponseParser.swift */,
			);
			path = ResponseParser;
			sourceTree = "<group>";
		};
		0090E4811FD1257D0084B18C /* UIView */ = {
			isa = PBXGroup;
			children = (
				0090E4821FD125AF0084B18C /* UIView+Layout.swift */,
			);
			path = UIView;
			sourceTree = "<group>";
		};
		0090E4961FD47A9B0084B18C /* Design */ = {
			isa = PBXGroup;
			children = (
				0090E4921FD41E2D0084B18C /* CGFloat+Margins.swift */,
				00FF1DF31FC9619B00AA234C /* UIColor+FlatColors.swift */,
			);
			path = Design;
			sourceTree = "<group>";
		};
		0090E4971FD47AA30084B18C /* Components */ = {
			isa = PBXGroup;
			children = (
				00FF1DED1FC9619B00AA234C /* Views */,
			);
			path = Components;
			sourceTree = "<group>";
		};
		0090E4981FD47B1E0084B18C /* UserStories */ = {
			isa = PBXGroup;
			children = (
				00FF1DFF1FC9619B00AA234C /* Main */,
			);
			path = UserStories;
			sourceTree = "<group>";
		};
		0090E4991FD47B6A0084B18C /* DateFormatter */ = {
			isa = PBXGroup;
			children = (
				0090E49A1FD47B8E0084B18C /* DateFormatter.swift */,
			);
			path = DateFormatter;
			sourceTree = "<group>";
		};
		0090E49E1FD48DC70084B18C /* Network */ = {
			isa = PBXGroup;
			children = (
				005F7C1F1FD9101E00AE8FA3 /* ResponseParser */,
				0090E4A51FD7B7020084B18C /* RequestBuilder */,
				0090E4A41FD7B6D70084B18C /* RequestManager */,
			);
			path = Network;
			sourceTree = "<group>";
		};
		0090E4A11FD7B60E0084B18C /* ForecastService */ = {
			isa = PBXGroup;
			children = (
				0090E4AC1FD7C0350084B18C /* Models */,
				0090E4A91FD7B78A0084B18C /* Requests */,
				0090E4A21FD7B6790084B18C /* ForecastService.swift */,
			);
			path = ForecastService;
			sourceTree = "<group>";
		};
		0090E4A41FD7B6D70084B18C /* RequestManager */ = {
			isa = PBXGroup;
			children = (
				0090E49F1FD48DEF0084B18C /* RequestManager.swift */,
			);
			path = RequestManager;
			sourceTree = "<group>";
		};
		0090E4A51FD7B7020084B18C /* RequestBuilder */ = {
			isa = PBXGroup;
			children = (
				0090E4A61FD7B72A0084B18C /* RequestBuilder.swift */,
			);
			path = RequestBuilder;
			sourceTree = "<group>";
		};
		0090E4A91FD7B78A0084B18C /* Requests */ = {
			isa = PBXGroup;
			children = (
				0090E4AA1FD7B7AD0084B18C /* ForecastRequest.swift */,
			);
			path = Requests;
			sourceTree = "<group>";
		};
		0090E4AC1FD7C0350084B18C /* Models */ = {
			isa = PBXGroup;
			children = (
				0090E4AD1FD7C0540084B18C /* Forecast.swift */,
			);
			path = Models;
			sourceTree = "<group>";
		};
		00FF1DD11FC9617C00AA234C /* Resources */ = {
			isa = PBXGroup;
			children = (
				312B227D1DF2EB270071E867 /* Assets.xcassets */,
				312B227F1DF2EB270071E867 /* LaunchScreen.storyboard */,
				312B22821DF2EB270071E867 /* Info.plist */,
			);
			path = Resources;
			sourceTree = "<group>";
		};
		00FF1DD21FC9619B00AA234C /* Core */ = {
			isa = PBXGroup;
			children = (
				00FF1DD31FC9619B00AA234C /* ServiceLayer */,
				00FF1DEB1FC9619B00AA234C /* Constants */,
				00FF1DEF1FC9619B00AA234C /* Extantions */,
				000535181FC9890100C13A0A /* Helpers */,
			);
			path = Core;
			sourceTree = "<group>";
		};
		00FF1DD31FC9619B00AA234C /* ServiceLayer */ = {
			isa = PBXGroup;
			children = (
				00FF1DD91FC9619B00AA234C /* ServiceLocator */,
				00FF1DD41FC9619B00AA234C /* CoreServices */,
				00FF1DDB1FC9619B00AA234C /* Services */,
			);
			path = ServiceLayer;
			sourceTree = "<group>";
		};
		00FF1DD41FC9619B00AA234C /* CoreServices */ = {
			isa = PBXGroup;
			children = (
				0090E49E1FD48DC70084B18C /* Network */,
				00FF1DD51FC9619B00AA234C /* Storage */,
			);
			path = CoreServices;
			sourceTree = "<group>";
		};
		00FF1DD51FC9619B00AA234C /* Storage */ = {
			isa = PBXGroup;
			children = (
				0005351B1FCB2D6900C13A0A /* Persistable.swift */,
				00FF1DD61FC9619B00AA234C /* Storage.swift */,
				00FF1DD71FC9619B00AA234C /* DataModel.xcdatamodeld */,
			);
			path = Storage;
			sourceTree = "<group>";
		};
		00FF1DD91FC9619B00AA234C /* ServiceLocator */ = {
			isa = PBXGroup;
			children = (
				00FF1DDA1FC9619B00AA234C /* Locator.swift */,
			);
			path = ServiceLocator;
			sourceTree = "<group>";
		};
		00FF1DDB1FC9619B00AA234C /* Services */ = {
			isa = PBXGroup;
			children = (
				0090E4A11FD7B60E0084B18C /* ForecastService */,
				00FF1DDE1FC9619B00AA234C /* EventsGenerator */,
				00FF1DE61FC9619B00AA234C /* CalendarService */,
			);
			path = Services;
			sourceTree = "<group>";
		};
		00FF1DDE1FC9619B00AA234C /* EventsGenerator */ = {
			isa = PBXGroup;
			children = (
				00FF1DDF1FC9619B00AA234C /* StaticDataGenerator */,
				00FF1DE51FC9619B00AA234C /* EventsGenerator.swift */,
			);
			path = EventsGenerator;
			sourceTree = "<group>";
		};
		00FF1DDF1FC9619B00AA234C /* StaticDataGenerator */ = {
			isa = PBXGroup;
			children = (
				00FF1DE21FC9619B00AA234C /* StaticDataGenerator.swift */,
				00FF1DE31FC9619B00AA234C /* Data */,
			);
			path = StaticDataGenerator;
			sourceTree = "<group>";
		};
		00FF1DE31FC9619B00AA234C /* Data */ = {
			isa = PBXGroup;
			children = (
				00FF1DE41FC9619B00AA234C /* StaticData.swift */,
			);
			path = Data;
			sourceTree = "<group>";
		};
		00FF1DE61FC9619B00AA234C /* CalendarService */ = {
			isa = PBXGroup;
			children = (
				00FF1DE71FC9619B00AA234C /* Models */,
				00FF1DEA1FC9619B00AA234C /* CalendarService.swift */,
			);
			path = CalendarService;
			sourceTree = "<group>";
		};
		00FF1DE71FC9619B00AA234C /* Models */ = {
			isa = PBXGroup;
			children = (
				00FF1DE91FC9619B00AA234C /* Event.swift */,
			);
			path = Models;
			sourceTree = "<group>";
		};
		00FF1DEB1FC9619B00AA234C /* Constants */ = {
			isa = PBXGroup;
			children = (
				000535161FC9880C00C13A0A /* Const.swift */,
				0090E47B1FCC9BFE0084B18C /* Aliases.swift */,
				0090E4AF1FD7C0F90084B18C /* WebApi.swift */,
			);
			path = Constants;
			sourceTree = "<group>";
		};
		00FF1DED1FC9619B00AA234C /* Views */ = {
			isa = PBXGroup;
			children = (
				00FF1DEE1FC9619B00AA234C /* RoundedView.swift */,
				0090E49C1FD482A30084B18C /* WeekDaysView.swift */,
			);
			path = Views;
			sourceTree = "<group>";
		};
		00FF1DEF1FC9619B00AA234C /* Extantions */ = {
			isa = PBXGroup;
			children = (
				0090E4991FD47B6A0084B18C /* DateFormatter */,
				0090E4811FD1257D0084B18C /* UIView */,
				00FF1DF41FC9619B00AA234C /* TimeInterval */,
				00FF1DF61FC9619B00AA234C /* Array */,
				00FF1DF81FC9619B00AA234C /* Date */,
				0005351E1FCB329900C13A0A /* NSManagedObject */,
				00FF1DFC1FC9619B00AA234C /* NSObject */,
			);
			path = Extantions;
			sourceTree = "<group>";
		};
		00FF1DF41FC9619B00AA234C /* TimeInterval */ = {
			isa = PBXGroup;
			children = (
				00FF1DF51FC9619B00AA234C /* TimeInterval+Constants.swift */,
			);
			path = TimeInterval;
			sourceTree = "<group>";
		};
		00FF1DF61FC9619B00AA234C /* Array */ = {
			isa = PBXGroup;
			children = (
				00FF1DF71FC9619B00AA234C /* Array+Elements.swift */,
			);
			path = Array;
			sourceTree = "<group>";
		};
		00FF1DF81FC9619B00AA234C /* Date */ = {
			isa = PBXGroup;
			children = (
				00FF1DF91FC9619B00AA234C /* Date+Calculation.swift */,
			);
			path = Date;
			sourceTree = "<group>";
		};
		00FF1DFC1FC9619B00AA234C /* NSObject */ = {
			isa = PBXGroup;
			children = (
				00FF1DFD1FC9619B00AA234C /* NSObject+ClassName.swift */,
			);
			path = NSObject;
			sourceTree = "<group>";
		};
		00FF1DFE1FC9619B00AA234C /* UserInterface */ = {
			isa = PBXGroup;
			children = (
				0090E4971FD47AA30084B18C /* Components */,
				0090E4961FD47A9B0084B18C /* Design */,
				0090E4981FD47B1E0084B18C /* UserStories */,
			);
			path = UserInterface;
			sourceTree = "<group>";
		};
		00FF1DFF1FC9619B00AA234C /* Main */ = {
			isa = PBXGroup;
			children = (
				00FF1E001FC9619B00AA234C /* Calendar */,
				00FF1E0B1FC9619B00AA234C /* Agenda */,
				00FF1E2E1FC961C200AA234C /* SizeManager.swift */,
				00FF1E0A1FC9619B00AA234C /* MainViewController.swift */,
				00FF1E101FC9619B00AA234C /* CalendarSynchronizer.swift */,
			);
			path = Main;
			sourceTree = "<group>";
		};
		00FF1E001FC9619B00AA234C /* Calendar */ = {
			isa = PBXGroup;
			children = (
				00FF1E021FC9619B00AA234C /* Cells */,
				00FF1E041FC9619B00AA234C /* Layout */,
				00FF1E061FC9619B00AA234C /* CalendarViewController.swift */,
				00FF1E071FC9619B00AA234C /* CalendarCellConfigurator.swift */,
				00FF1E081FC9619B00AA234C /* Views */,
			);
			path = Calendar;
			sourceTree = "<group>";
		};
		00FF1E021FC9619B00AA234C /* Cells */ = {
			isa = PBXGroup;
			children = (
				00FF1E031FC9619B00AA234C /* DayCollectionCell.swift */,
			);
			path = Cells;
			sourceTree = "<group>";
		};
		00FF1E041FC9619B00AA234C /* Layout */ = {
			isa = PBXGroup;
			children = (
				00FF1E051FC9619B00AA234C /* CalendarLayout.swift */,
			);
			path = Layout;
			sourceTree = "<group>";
		};
		00FF1E081FC9619B00AA234C /* Views */ = {
			isa = PBXGroup;
			children = (
				00FF1E091FC9619B00AA234C /* SeparatorView.swift */,
			);
			path = Views;
			sourceTree = "<group>";
		};
		00FF1E0B1FC9619B00AA234C /* Agenda */ = {
			isa = PBXGroup;
			children = (
				00FF1E0C1FC9619B00AA234C /* Cells */,
				00FF1E0E1FC9619B00AA234C /* AgendaViewController.swift */,
				0090E4791FCC9AE60084B18C /* AgendaDataManager.swift */,
				00FF1E0F1FC9619B00AA234C /* AgendaCellConfigurator.swift */,
			);
			path = Agenda;
			sourceTree = "<group>";
		};
		00FF1E0C1FC9619B00AA234C /* Cells */ = {
			isa = PBXGroup;
			children = (
				00FF1E0D1FC9619B00AA234C /* EventCell.swift */,
			);
			path = Cells;
			sourceTree = "<group>";
		};
		312B22671DF2EB260071E867 = {
			isa = PBXGroup;
			children = (
				31F94AFC1E1024BF00ED804A /* .swiftlint.yml */,
				312B22721DF2EB270071E867 /* Calendar */,
				312B228A1DF2EB270071E867 /* CalendarTests */,
				312B22711DF2EB270071E867 /* Products */,
			);
			sourceTree = "<group>";
		};
		312B22711DF2EB270071E867 /* Products */ = {
			isa = PBXGroup;
			children = (
				312B22701DF2EB270071E867 /* Calendar.app */,
				312B22871DF2EB270071E867 /* CalendarTests.xctest */,
			);
			name = Products;
			sourceTree = "<group>";
		};
		312B22721DF2EB270071E867 /* Calendar */ = {
			isa = PBXGroup;
			children = (
				00FF1DD21FC9619B00AA234C /* Core */,
				00FF1DFE1FC9619B00AA234C /* UserInterface */,
				00FF1DD11FC9617C00AA234C /* Resources */,
				312B22731DF2EB270071E867 /* AppDelegate.swift */,
			);
			path = Calendar;
			sourceTree = "<group>";
		};
		312B228A1DF2EB270071E867 /* CalendarTests */ = {
			isa = PBXGroup;
			children = (
				312B228B1DF2EB270071E867 /* CalendarTests.swift */,
				312B228D1DF2EB270071E867 /* Info.plist */,
			);
			path = CalendarTests;
			sourceTree = "<group>";
		};
/* End PBXGroup section */

/* Begin PBXNativeTarget section */
		312B226F1DF2EB270071E867 /* Calendar */ = {
			isa = PBXNativeTarget;
			buildConfigurationList = 312B229B1DF2EB270071E867 /* Build configuration list for PBXNativeTarget "Calendar" */;
			buildPhases = (
				312B226C1DF2EB270071E867 /* Sources */,
				312B226D1DF2EB270071E867 /* Frameworks */,
				312B226E1DF2EB270071E867 /* Resources */,
				31CEAAFE1E101E97001E03C4 /* ShellScript */,
			);
			buildRules = (
			);
			dependencies = (
			);
			name = Calendar;
			productName = Calendar;
			productReference = 312B22701DF2EB270071E867 /* Calendar.app */;
			productType = "com.apple.product-type.application";
		};
		312B22861DF2EB270071E867 /* CalendarTests */ = {
			isa = PBXNativeTarget;
			buildConfigurationList = 312B229E1DF2EB270071E867 /* Build configuration list for PBXNativeTarget "CalendarTests" */;
			buildPhases = (
				312B22831DF2EB270071E867 /* Sources */,
				312B22841DF2EB270071E867 /* Frameworks */,
				312B22851DF2EB270071E867 /* Resources */,
			);
			buildRules = (
			);
			dependencies = (
				312B22891DF2EB270071E867 /* PBXTargetDependency */,
			);
			name = CalendarTests;
			productName = CalendarTests;
			productReference = 312B22871DF2EB270071E867 /* CalendarTests.xctest */;
			productType = "com.apple.product-type.bundle.unit-test";
		};
/* End PBXNativeTarget section */

/* Begin PBXProject section */
		312B22681DF2EB260071E867 /* Project object */ = {
			isa = PBXProject;
			attributes = {
				LastSwiftUpdateCheck = 0810;
				LastUpgradeCheck = 0910;
				ORGANIZATIONNAME = v.ampilogov;
				TargetAttributes = {
					312B226F1DF2EB270071E867 = {
						CreatedOnToolsVersion = 8.1;
						DevelopmentTeam = EBA589ECLL;
						LastSwiftMigration = 0910;
						ProvisioningStyle = Automatic;
					};
					312B22861DF2EB270071E867 = {
						CreatedOnToolsVersion = 8.1;
						DevelopmentTeam = 8SEFGGQX9M;
						LastSwiftMigration = 0910;
						ProvisioningStyle = Automatic;
						TestTargetID = 312B226F1DF2EB270071E867;
					};
				};
			};
			buildConfigurationList = 312B226B1DF2EB260071E867 /* Build configuration list for PBXProject "Calendar" */;
			compatibilityVersion = "Xcode 3.2";
			developmentRegion = English;
			hasScannedForEncodings = 0;
			knownRegions = (
				en,
				Base,
			);
			mainGroup = 312B22671DF2EB260071E867;
			productRefGroup = 312B22711DF2EB270071E867 /* Products */;
			projectDirPath = "";
			projectRoot = "";
			targets = (
				312B226F1DF2EB270071E867 /* Calendar */,
				312B22861DF2EB270071E867 /* CalendarTests */,
			);
		};
/* End PBXProject section */

/* Begin PBXResourcesBuildPhase section */
		312B226E1DF2EB270071E867 /* Resources */ = {
			isa = PBXResourcesBuildPhase;
			buildActionMask = 2147483647;
			files = (
				31F94AFD1E1024BF00ED804A /* .swiftlint.yml in Resources */,
				312B22811DF2EB270071E867 /* LaunchScreen.storyboard in Resources */,
				312B227E1DF2EB270071E867 /* Assets.xcassets in Resources */,
			);
			runOnlyForDeploymentPostprocessing = 0;
		};
		312B22851DF2EB270071E867 /* Resources */ = {
			isa = PBXResourcesBuildPhase;
			buildActionMask = 2147483647;
			files = (
			);
			runOnlyForDeploymentPostprocessing = 0;
		};
/* End PBXResourcesBuildPhase section */

/* Begin PBXShellScriptBuildPhase section */
		31CEAAFE1E101E97001E03C4 /* ShellScript */ = {
			isa = PBXShellScriptBuildPhase;
			buildActionMask = 2147483647;
			files = (
			);
			inputPaths = (
			);
			outputPaths = (
			);
			runOnlyForDeploymentPostprocessing = 0;
			shellPath = /bin/sh;
			shellScript = "if which swiftlint >/dev/null; then\nswiftlint\nelse\necho \"warning: SwiftLint not installed, download from https://github.com/realm/SwiftLint\"\nfi";
		};
/* End PBXShellScriptBuildPhase section */

/* Begin PBXSourcesBuildPhase section */
		312B226C1DF2EB270071E867 /* Sources */ = {
			isa = PBXSourcesBuildPhase;
			buildActionMask = 2147483647;
			files = (
				0090E4A01FD48DEF0084B18C /* RequestManager.swift in Sources */,
				00FF1E161FC9619B00AA234C /* StaticDataGenerator.swift in Sources */,
				00FF1E291FC9619B00AA234C /* MainViewController.swift in Sources */,
				0090E4A71FD7B72A0084B18C /* RequestBuilder.swift in Sources */,
				0090E4B01FD7C0F90084B18C /* WebApi.swift in Sources */,
				00FF1E2F1FC961C200AA234C /* SizeManager.swift in Sources */,
				00FF1E1A1FC9619B00AA234C /* Event.swift in Sources */,
				00FF1E1F1FC9619B00AA234C /* TimeInterval+Constants.swift in Sources */,
				00FF1E261FC9619B00AA234C /* CalendarViewController.swift in Sources */,
				0090E4AB1FD7B7AD0084B18C /* ForecastRequest.swift in Sources */,
				00FF1E211FC9619B00AA234C /* Date+Calculation.swift in Sources */,
				0005351A1FC98FAD00C13A0A /* DateHelper.swift in Sources */,
				00FF1E131FC9619B00AA234C /* Locator.swift in Sources */,
				00FF1E2A1FC9619B00AA234C /* EventCell.swift in Sources */,
				000535171FC9880C00C13A0A /* Const.swift in Sources */,
				0090E47C1FCC9BFE0084B18C /* Aliases.swift in Sources */,
				00FF1E2B1FC9619B00AA234C /* AgendaViewController.swift in Sources */,
				00FF1E251FC9619B00AA234C /* CalendarLayout.swift in Sources */,
				000535201FCB32B600C13A0A /* NSManagedObject.swift in Sources */,
				00FF1E121FC9619B00AA234C /* DataModel.xcdatamodeld in Sources */,
				00FF1E241FC9619B00AA234C /* DayCollectionCell.swift in Sources */,
				0090E49D1FD482A30084B18C /* WeekDaysView.swift in Sources */,
				00FF1E1C1FC9619B00AA234C /* RoundedView.swift in Sources */,
				00FF1E2D1FC9619B00AA234C /* CalendarSynchronizer.swift in Sources */,
				00FF1E1B1FC9619B00AA234C /* CalendarService.swift in Sources */,
				00FF1E171FC9619B00AA234C /* StaticData.swift in Sources */,
				0005351C1FCB2D6900C13A0A /* Persistable.swift in Sources */,
				00FF1E281FC9619B00AA234C /* SeparatorView.swift in Sources */,
				005F7C211FD9109800AE8FA3 /* ResponseParser.swift in Sources */,
				0090E47A1FCC9AE60084B18C /* AgendaDataManager.swift in Sources */,
				0090E49B1FD47B8E0084B18C /* DateFormatter.swift in Sources */,
				00FF1E1E1FC9619B00AA234C /* UIColor+FlatColors.swift in Sources */,
				312B22741DF2EB270071E867 /* AppDelegate.swift in Sources */,
				00FF1E181FC9619B00AA234C /* EventsGenerator.swift in Sources */,
				0090E4AE1FD7C0540084B18C /* Forecast.swift in Sources */,
				00FF1E231FC9619B00AA234C /* NSObject+ClassName.swift in Sources */,
				00FF1E201FC9619B00AA234C /* Array+Elements.swift in Sources */,
				0090E4A31FD7B6790084B18C /* ForecastService.swift in Sources */,
				00FF1E2C1FC9619B00AA234C /* AgendaCellConfigurator.swift in Sources */,
				00FF1E271FC9619B00AA234C /* CalendarCellConfigurator.swift in Sources */,
				0090E4931FD41E2D0084B18C /* CGFloat+Margins.swift in Sources */,
				00FF1E111FC9619B00AA234C /* Storage.swift in Sources */,
				0090E4831FD125AF0084B18C /* UIView+Layout.swift in Sources */,
			);
			runOnlyForDeploymentPostprocessing = 0;
		};
		312B22831DF2EB270071E867 /* Sources */ = {
			isa = PBXSourcesBuildPhase;
			buildActionMask = 2147483647;
			files = (
				312B228C1DF2EB270071E867 /* CalendarTests.swift in Sources */,
			);
			runOnlyForDeploymentPostprocessing = 0;
		};
/* End PBXSourcesBuildPhase section */

/* Begin PBXTargetDependency section */
		312B22891DF2EB270071E867 /* PBXTargetDependency */ = {
			isa = PBXTargetDependency;
			target = 312B226F1DF2EB270071E867 /* Calendar */;
			targetProxy = 312B22881DF2EB270071E867 /* PBXContainerItemProxy */;
		};
/* End PBXTargetDependency section */

/* Begin PBXVariantGroup section */
		312B227F1DF2EB270071E867 /* LaunchScreen.storyboard */ = {
			isa = PBXVariantGroup;
			children = (
				312B22801DF2EB270071E867 /* Base */,
			);
			name = LaunchScreen.storyboard;
			sourceTree = "<group>";
		};
/* End PBXVariantGroup section */

/* Begin XCBuildConfiguration section */
		312B22991DF2EB270071E867 /* Debug */ = {
			isa = XCBuildConfiguration;
			buildSettings = {
				ALWAYS_SEARCH_USER_PATHS = NO;
				CLANG_ANALYZER_NONNULL = YES;
				CLANG_CXX_LANGUAGE_STANDARD = "gnu++0x";
				CLANG_CXX_LIBRARY = "libc++";
				CLANG_ENABLE_MODULES = YES;
				CLANG_ENABLE_OBJC_ARC = YES;
				CLANG_WARN_BLOCK_CAPTURE_AUTORELEASING = YES;
				CLANG_WARN_BOOL_CONVERSION = YES;
				CLANG_WARN_COMMA = YES;
				CLANG_WARN_CONSTANT_CONVERSION = YES;
				CLANG_WARN_DIRECT_OBJC_ISA_USAGE = YES_ERROR;
				CLANG_WARN_DOCUMENTATION_COMMENTS = YES;
				CLANG_WARN_EMPTY_BODY = YES;
				CLANG_WARN_ENUM_CONVERSION = YES;
				CLANG_WARN_INFINITE_RECURSION = YES;
				CLANG_WARN_INT_CONVERSION = YES;
				CLANG_WARN_NON_LITERAL_NULL_CONVERSION = YES;
				CLANG_WARN_OBJC_LITERAL_CONVERSION = YES;
				CLANG_WARN_OBJC_ROOT_CLASS = YES_ERROR;
				CLANG_WARN_RANGE_LOOP_ANALYSIS = YES;
				CLANG_WARN_STRICT_PROTOTYPES = YES;
				CLANG_WARN_SUSPICIOUS_MOVE = YES;
				CLANG_WARN_SUSPICIOUS_MOVES = YES;
				CLANG_WARN_UNREACHABLE_CODE = YES;
				CLANG_WARN__DUPLICATE_METHOD_MATCH = YES;
				"CODE_SIGN_IDENTITY[sdk=iphoneos*]" = "iPhone Developer";
				COPY_PHASE_STRIP = NO;
				DEBUG_INFORMATION_FORMAT = dwarf;
				ENABLE_STRICT_OBJC_MSGSEND = YES;
				ENABLE_TESTABILITY = YES;
				GCC_C_LANGUAGE_STANDARD = gnu99;
				GCC_DYNAMIC_NO_PIC = NO;
				GCC_NO_COMMON_BLOCKS = YES;
				GCC_OPTIMIZATION_LEVEL = 0;
				GCC_PREPROCESSOR_DEFINITIONS = (
					"DEBUG=1",
					"$(inherited)",
				);
				GCC_WARN_64_TO_32_BIT_CONVERSION = YES;
				GCC_WARN_ABOUT_RETURN_TYPE = YES_ERROR;
				GCC_WARN_UNDECLARED_SELECTOR = YES;
				GCC_WARN_UNINITIALIZED_AUTOS = YES_AGGRESSIVE;
				GCC_WARN_UNUSED_FUNCTION = YES;
				GCC_WARN_UNUSED_VARIABLE = YES;
				IPHONEOS_DEPLOYMENT_TARGET = 10.1;
				MTL_ENABLE_DEBUG_INFO = YES;
				ONLY_ACTIVE_ARCH = YES;
				SDKROOT = iphoneos;
				SWIFT_ACTIVE_COMPILATION_CONDITIONS = DEBUG;
				SWIFT_OPTIMIZATION_LEVEL = "-Onone";
				TARGETED_DEVICE_FAMILY = "1,2";
			};
			name = Debug;
		};
		312B229A1DF2EB270071E867 /* Release */ = {
			isa = XCBuildConfiguration;
			buildSettings = {
				ALWAYS_SEARCH_USER_PATHS = NO;
				CLANG_ANALYZER_NONNULL = YES;
				CLANG_CXX_LANGUAGE_STANDARD = "gnu++0x";
				CLANG_CXX_LIBRARY = "libc++";
				CLANG_ENABLE_MODULES = YES;
				CLANG_ENABLE_OBJC_ARC = YES;
				CLANG_WARN_BLOCK_CAPTURE_AUTORELEASING = YES;
				CLANG_WARN_BOOL_CONVERSION = YES;
				CLANG_WARN_COMMA = YES;
				CLANG_WARN_CONSTANT_CONVERSION = YES;
				CLANG_WARN_DIRECT_OBJC_ISA_USAGE = YES_ERROR;
				CLANG_WARN_DOCUMENTATION_COMMENTS = YES;
				CLANG_WARN_EMPTY_BODY = YES;
				CLANG_WARN_ENUM_CONVERSION = YES;
				CLANG_WARN_INFINITE_RECURSION = YES;
				CLANG_WARN_INT_CONVERSION = YES;
				CLANG_WARN_NON_LITERAL_NULL_CONVERSION = YES;
				CLANG_WARN_OBJC_LITERAL_CONVERSION = YES;
				CLANG_WARN_OBJC_ROOT_CLASS = YES_ERROR;
				CLANG_WARN_RANGE_LOOP_ANALYSIS = YES;
				CLANG_WARN_STRICT_PROTOTYPES = YES;
				CLANG_WARN_SUSPICIOUS_MOVE = YES;
				CLANG_WARN_SUSPICIOUS_MOVES = YES;
				CLANG_WARN_UNREACHABLE_CODE = YES;
				CLANG_WARN__DUPLICATE_METHOD_MATCH = YES;
				"CODE_SIGN_IDENTITY[sdk=iphoneos*]" = "iPhone Developer";
				COPY_PHASE_STRIP = NO;
				DEBUG_INFORMATION_FORMAT = "dwarf-with-dsym";
				ENABLE_NS_ASSERTIONS = NO;
				ENABLE_STRICT_OBJC_MSGSEND = YES;
				GCC_C_LANGUAGE_STANDARD = gnu99;
				GCC_NO_COMMON_BLOCKS = YES;
				GCC_WARN_64_TO_32_BIT_CONVERSION = YES;
				GCC_WARN_ABOUT_RETURN_TYPE = YES_ERROR;
				GCC_WARN_UNDECLARED_SELECTOR = YES;
				GCC_WARN_UNINITIALIZED_AUTOS = YES_AGGRESSIVE;
				GCC_WARN_UNUSED_FUNCTION = YES;
				GCC_WARN_UNUSED_VARIABLE = YES;
				IPHONEOS_DEPLOYMENT_TARGET = 10.1;
				MTL_ENABLE_DEBUG_INFO = NO;
				SDKROOT = iphoneos;
				SWIFT_OPTIMIZATION_LEVEL = "-Owholemodule";
				TARGETED_DEVICE_FAMILY = "1,2";
				VALIDATE_PRODUCT = YES;
			};
			name = Release;
		};
		312B229C1DF2EB270071E867 /* Debug */ = {
			isa = XCBuildConfiguration;
			buildSettings = {
				ASSETCATALOG_COMPILER_APPICON_NAME = AppIcon;
				DEVELOPMENT_TEAM = EBA589ECLL;
				INFOPLIST_FILE = "$(SRCROOT)/Calendar/Resources/Info.plist";
				IPHONEOS_DEPLOYMENT_TARGET = 10.0;
				LD_RUNPATH_SEARCH_PATHS = "$(inherited) @executable_path/Frameworks";
				PRODUCT_BUNDLE_IDENTIFIER = Ampilogov.Calendar;
				PRODUCT_NAME = "$(TARGET_NAME)";
				SWIFT_SWIFT3_OBJC_INFERENCE = Default;
				SWIFT_VERSION = 4.0;
				TARGETED_DEVICE_FAMILY = "1,2";
			};
			name = Debug;
		};
		312B229D1DF2EB270071E867 /* Release */ = {
			isa = XCBuildConfiguration;
			buildSettings = {
				ASSETCATALOG_COMPILER_APPICON_NAME = AppIcon;
				DEVELOPMENT_TEAM = EBA589ECLL;
				INFOPLIST_FILE = "$(SRCROOT)/Calendar/Resources/Info.plist";
				IPHONEOS_DEPLOYMENT_TARGET = 10.0;
				LD_RUNPATH_SEARCH_PATHS = "$(inherited) @executable_path/Frameworks";
				PRODUCT_BUNDLE_IDENTIFIER = Ampilogov.Calendar;
				PRODUCT_NAME = "$(TARGET_NAME)";
				SWIFT_SWIFT3_OBJC_INFERENCE = Default;
				SWIFT_VERSION = 4.0;
				TARGETED_DEVICE_FAMILY = "1,2";
			};
			name = Release;
		};
		312B229F1DF2EB270071E867 /* Debug */ = {
			isa = XCBuildConfiguration;
			buildSettings = {
				ALWAYS_EMBED_SWIFT_STANDARD_LIBRARIES = YES;
				BUNDLE_LOADER = "$(TEST_HOST)";
				DEVELOPMENT_TEAM = 8SEFGGQX9M;
				INFOPLIST_FILE = CalendarTests/Info.plist;
				LD_RUNPATH_SEARCH_PATHS = "$(inherited) @executable_path/Frameworks @loader_path/Frameworks";
				PRODUCT_BUNDLE_IDENTIFIER = Ampilogov.CalendarTests;
				PRODUCT_NAME = "$(TARGET_NAME)";
				SWIFT_SWIFT3_OBJC_INFERENCE = On;
				SWIFT_VERSION = 4.0;
				TEST_HOST = "$(BUILT_PRODUCTS_DIR)/Calendar.app/Calendar";
			};
			name = Debug;
		};
		312B22A01DF2EB270071E867 /* Release */ = {
			isa = XCBuildConfiguration;
			buildSettings = {
				ALWAYS_EMBED_SWIFT_STANDARD_LIBRARIES = YES;
				BUNDLE_LOADER = "$(TEST_HOST)";
				DEVELOPMENT_TEAM = 8SEFGGQX9M;
				INFOPLIST_FILE = CalendarTests/Info.plist;
				LD_RUNPATH_SEARCH_PATHS = "$(inherited) @executable_path/Frameworks @loader_path/Frameworks";
				PRODUCT_BUNDLE_IDENTIFIER = Ampilogov.CalendarTests;
				PRODUCT_NAME = "$(TARGET_NAME)";
				SWIFT_SWIFT3_OBJC_INFERENCE = On;
				SWIFT_VERSION = 4.0;
				TEST_HOST = "$(BUILT_PRODUCTS_DIR)/Calendar.app/Calendar";
			};
			name = Release;
		};
/* End XCBuildConfiguration section */

/* Begin XCConfigurationList section */
		312B226B1DF2EB260071E867 /* Build configuration list for PBXProject "Calendar" */ = {
			isa = XCConfigurationList;
			buildConfigurations = (
				312B22991DF2EB270071E867 /* Debug */,
				312B229A1DF2EB270071E867 /* Release */,
			);
			defaultConfigurationIsVisible = 0;
			defaultConfigurationName = Release;
		};
		312B229B1DF2EB270071E867 /* Build configuration list for PBXNativeTarget "Calendar" */ = {
			isa = XCConfigurationList;
			buildConfigurations = (
				312B229C1DF2EB270071E867 /* Debug */,
				312B229D1DF2EB270071E867 /* Release */,
			);
			defaultConfigurationIsVisible = 0;
			defaultConfigurationName = Release;
		};
		312B229E1DF2EB270071E867 /* Build configuration list for PBXNativeTarget "CalendarTests" */ = {
			isa = XCConfigurationList;
			buildConfigurations = (
				312B229F1DF2EB270071E867 /* Debug */,
				312B22A01DF2EB270071E867 /* Release */,
			);
			defaultConfigurationIsVisible = 0;
			defaultConfigurationName = Release;
		};
/* End XCConfigurationList section */

/* Begin XCVersionGroup section */
		00FF1DD71FC9619B00AA234C /* DataModel.xcdatamodeld */ = {
			isa = XCVersionGroup;
			children = (
				00FF1DD81FC9619B00AA234C /* DataModel.xcdatamodel */,
			);
			currentVersion = 00FF1DD81FC9619B00AA234C /* DataModel.xcdatamodel */;
			path = DataModel.xcdatamodeld;
			sourceTree = "<group>";
			versionGroupType = wrapper.xcdatamodel;
		};
/* End XCVersionGroup section */
	};
	rootObject = 312B22681DF2EB260071E867 /* Project object */;
}
